
Microsoft Visual Studio Solution File, Format Version 12.00
# Visual Studio Version 17
VisualStudioVersion = 17.6.33829.357
MinimumVisualStudioVersion = 10.0.40219.1
Project("{9A19103F-16F7-4668-BE54-9A1E7A4F7556}") = "EmbedDemo", "EmbedRes\EmbedDemo.csproj", "{E57B4E94-BD60-4F1C-8616-A752EFA5F112}"
EndProject
Global
	GlobalSection(SolutionConfigurationPlatforms) = preSolution
		Debug|Any CPU = Debug|Any CPU
		Release|Any CPU = Release|Any CPU
	EndGlobalSection
	GlobalSection(ProjectConfigurationPlatforms) = postSolution
		{E57B4E94-BD60-4F1C-8616-A752EFA5F112}.Debug|Any CPU.ActiveCfg = Debug|Any CPU
		{E57B4E94-BD60-4F1C-8616-A752EFA5F112}.Debug|Any CPU.Build.0 = Debug|Any CPU
		{E57B4E94-BD60-4F1C-8616-A752EFA5F112}.Release|Any CPU.ActiveCfg = Release|Any CPU
		{E57B4E94-BD60-4F1C-8616-A752EFA5F112}.Release|Any CPU.Build.0 = Release|Any CPU
	EndGlobalSection
	GlobalSection(SolutionProperties) = preSolution
		HideSolutionNode = FALSE
	EndGlobalSection
	GlobalSection(ExtensibilityGlobals) = postSolution
		SolutionGuid = {F79F4626-47D9-4EF5-82AF-CD2D8E4090C4}
	EndGlobalSection
EndGlobal
