
Microsoft Visual Studio Solution File, Format Version 12.00
# Visual Studio Version 16
VisualStudioVersion = 16.0.31702.278
MinimumVisualStudioVersion = 10.0.40219.1
Project("{FAE04EC0-301F-11D3-BF4B-00C04F79EFBC}") = "ToStringDebugger", "ToStringDebugger\ToStringDebugger.csproj", "{2E3F06C0-44CE-44DD-8353-984C86C6EC33}"
EndProject
Global
	GlobalSection(SolutionConfigurationPlatforms) = preSolution
		Debug|Any CPU = Debug|Any CPU
		Release|Any CPU = Release|Any CPU
	EndGlobalSection
	GlobalSection(ProjectConfigurationPlatforms) = postSolution
		{2E3F06C0-44CE-44DD-8353-984C86C6EC33}.Debug|Any CPU.ActiveCfg = Debug|Any CPU
		{2E3F06C0-44CE-44DD-8353-984C86C6EC33}.Debug|Any CPU.Build.0 = Debug|Any CPU
		{2E3F06C0-44CE-44DD-8353-984C86C6EC33}.Release|Any CPU.ActiveCfg = Release|Any CPU
		{2E3F06C0-44CE-44DD-8353-984C86C6EC33}.Release|Any CPU.Build.0 = Release|Any CPU
	EndGlobalSection
	GlobalSection(SolutionProperties) = preSolution
		HideSolutionNode = FALSE
	EndGlobalSection
	GlobalSection(ExtensibilityGlobals) = postSolution
		SolutionGuid = {29AC99A3-0D02-4DB1-A796-0CB4F83A7CD3}
	EndGlobalSection
EndGlobal
