
Microsoft Visual Studio Solution File, Format Version 12.00
# Visual Studio Version 17
VisualStudioVersion = 17.7.34031.279
MinimumVisualStudioVersion = 10.0.40219.1
Project("{FAE04EC0-301F-11D3-BF4B-00C04F79EFBC}") = "ControllerGeneratorDemo", "ControllerGeneratorDemo\ControllerGeneratorDemo.csproj", "{E2193DBE-23CF-4BC6-A863-ABA4B97BD164}"
EndProject
Project("{FAE04EC0-301F-11D3-BF4B-00C04F79EFBC}") = "BLL", "BLL\BLL.csproj", "{A3561201-4845-44F1-B17B-4EC95202848B}"
EndProject
Global
	GlobalSection(SolutionConfigurationPlatforms) = preSolution
		Debug|Any CPU = Debug|Any CPU
		Release|Any CPU = Release|Any CPU
	EndGlobalSection
	GlobalSection(ProjectConfigurationPlatforms) = postSolution
		{E2193DBE-23CF-4BC6-A863-ABA4B97BD164}.Debug|Any CPU.ActiveCfg = Debug|Any CPU
		{E2193DBE-23CF-4BC6-A863-ABA4B97BD164}.Debug|Any CPU.Build.0 = Debug|Any CPU
		{E2193DBE-23CF-4BC6-A863-ABA4B97BD164}.Release|Any CPU.ActiveCfg = Release|Any CPU
		{E2193DBE-23CF-4BC6-A863-ABA4B97BD164}.Release|Any CPU.Build.0 = Release|Any CPU
		{A3561201-4845-44F1-B17B-4EC95202848B}.Debug|Any CPU.ActiveCfg = Debug|Any CPU
		{A3561201-4845-44F1-B17B-4EC95202848B}.Debug|Any CPU.Build.0 = Debug|Any CPU
		{A3561201-4845-44F1-B17B-4EC95202848B}.Release|Any CPU.ActiveCfg = Release|Any CPU
		{A3561201-4845-44F1-B17B-4EC95202848B}.Release|Any CPU.Build.0 = Release|Any CPU
	EndGlobalSection
	GlobalSection(SolutionProperties) = preSolution
		HideSolutionNode = FALSE
	EndGlobalSection
	GlobalSection(ExtensibilityGlobals) = postSolution
		SolutionGuid = {311BD258-3B26-4888-86D5-45DDAE298B68}
	EndGlobalSection
EndGlobal
