
Microsoft Visual Studio Solution File, Format Version 12.00
# Visual Studio Version 17
VisualStudioVersion = 17.9.34622.214
MinimumVisualStudioVersion = 10.0.40219.1
Project("{FAE04EC0-301F-11D3-BF4B-00C04F79EFBC}") = "Decorator", "Decorator\Decorator.csproj", "{284DBC1E-87CA-4B6F-8FEA-38E6442C8898}"
EndProject
Global
	GlobalSection(SolutionConfigurationPlatforms) = preSolution
		Debug|Any CPU = Debug|Any CPU
		Release|Any CPU = Release|Any CPU
	EndGlobalSection
	GlobalSection(ProjectConfigurationPlatforms) = postSolution
		{284DBC1E-87CA-4B6F-8FEA-38E6442C8898}.Debug|Any CPU.ActiveCfg = Debug|Any CPU
		{284DBC1E-87CA-4B6F-8FEA-38E6442C8898}.Debug|Any CPU.Build.0 = Debug|Any CPU
		{284DBC1E-87CA-4B6F-8FEA-38E6442C8898}.Release|Any CPU.ActiveCfg = Release|Any CPU
		{284DBC1E-87CA-4B6F-8FEA-38E6442C8898}.Release|Any CPU.Build.0 = Release|Any CPU
	EndGlobalSection
	GlobalSection(SolutionProperties) = preSolution
		HideSolutionNode = FALSE
	EndGlobalSection
	GlobalSection(ExtensibilityGlobals) = postSolution
		SolutionGuid = {37964627-5644-446E-9213-C2F99A9371B7}
	EndGlobalSection
EndGlobal
