
Microsoft Visual Studio Solution File, Format Version 12.00
# Visual Studio Version 16
VisualStudioVersion = 16.0.31624.102
MinimumVisualStudioVersion = 10.0.40219.1
Project("{9A19103F-16F7-4668-BE54-9A1E7A4F7556}") = "BL", "BL\BL.csproj", "{0E694DF5-8F95-4857-A83B-49F50727C6E8}"
EndProject
Project("{9A19103F-16F7-4668-BE54-9A1E7A4F7556}") = "DebtTest", "DebtTest\DebtTest.csproj", "{C2FF9C82-E775-4EB2-8ED8-236AE0AA9263}"
EndProject
Project("{FAE04EC0-301F-11D3-BF4B-00C04F79EFBC}") = "DebtReal", "DebtReal\DebtReal.csproj", "{00B327F9-F111-48E5-94FC-00D8174B8F86}"
EndProject
Global
	GlobalSection(SolutionConfigurationPlatforms) = preSolution
		Debug|Any CPU = Debug|Any CPU
		Release|Any CPU = Release|Any CPU
	EndGlobalSection
	GlobalSection(ProjectConfigurationPlatforms) = postSolution
		{0E694DF5-8F95-4857-A83B-49F50727C6E8}.Debug|Any CPU.ActiveCfg = Debug|Any CPU
		{0E694DF5-8F95-4857-A83B-49F50727C6E8}.Debug|Any CPU.Build.0 = Debug|Any CPU
		{0E694DF5-8F95-4857-A83B-49F50727C6E8}.Release|Any CPU.ActiveCfg = Release|Any CPU
		{0E694DF5-8F95-4857-A83B-49F50727C6E8}.Release|Any CPU.Build.0 = Release|Any CPU
		{C2FF9C82-E775-4EB2-8ED8-236AE0AA9263}.Debug|Any CPU.ActiveCfg = Debug|Any CPU
		{C2FF9C82-E775-4EB2-8ED8-236AE0AA9263}.Debug|Any CPU.Build.0 = Debug|Any CPU
		{C2FF9C82-E775-4EB2-8ED8-236AE0AA9263}.Release|Any CPU.ActiveCfg = Release|Any CPU
		{C2FF9C82-E775-4EB2-8ED8-236AE0AA9263}.Release|Any CPU.Build.0 = Release|Any CPU
		{00B327F9-F111-48E5-94FC-00D8174B8F86}.Debug|Any CPU.ActiveCfg = Debug|Any CPU
		{00B327F9-F111-48E5-94FC-00D8174B8F86}.Debug|Any CPU.Build.0 = Debug|Any CPU
		{00B327F9-F111-48E5-94FC-00D8174B8F86}.Release|Any CPU.ActiveCfg = Release|Any CPU
		{00B327F9-F111-48E5-94FC-00D8174B8F86}.Release|Any CPU.Build.0 = Release|Any CPU
	EndGlobalSection
	GlobalSection(SolutionProperties) = preSolution
		HideSolutionNode = FALSE
	EndGlobalSection
	GlobalSection(ExtensibilityGlobals) = postSolution
		SolutionGuid = {4146A51B-3305-411F-8087-DCA6D6E9528F}
	EndGlobalSection
EndGlobal
