
Microsoft Visual Studio Solution File, Format Version 12.00
# Visual Studio Version 17
VisualStudioVersion = 17.13.36105.23 d17.13
MinimumVisualStudioVersion = 10.0.40219.1
Project("{FAE04EC0-301F-11D3-BF4B-00C04F79EFBC}") = "zlinqDemo", "zlinqDemo\zlinqDemo.csproj", "{87D69827-E6BE-4B6C-8F1B-1720FCA20A36}"
EndProject
Global
	GlobalSection(SolutionConfigurationPlatforms) = preSolution
		Debug|Any CPU = Debug|Any CPU
		Release|Any CPU = Release|Any CPU
	EndGlobalSection
	GlobalSection(ProjectConfigurationPlatforms) = postSolution
		{87D69827-E6BE-4B6C-8F1B-1720FCA20A36}.Debug|Any CPU.ActiveCfg = Debug|Any CPU
		{87D69827-E6BE-4B6C-8F1B-1720FCA20A36}.Debug|Any CPU.Build.0 = Debug|Any CPU
		{87D69827-E6BE-4B6C-8F1B-1720FCA20A36}.Release|Any CPU.ActiveCfg = Release|Any CPU
		{87D69827-E6BE-4B6C-8F1B-1720FCA20A36}.Release|Any CPU.Build.0 = Release|Any CPU
	EndGlobalSection
	GlobalSection(SolutionProperties) = preSolution
		HideSolutionNode = FALSE
	EndGlobalSection
	GlobalSection(ExtensibilityGlobals) = postSolution
		SolutionGuid = {6046A3A4-55CD-48FD-BF41-3A9303FAA65E}
	EndGlobalSection
EndGlobal
