
Microsoft Visual Studio Solution File, Format Version 12.00
# Visual Studio Version 17
VisualStudioVersion = 17.8.34316.72
MinimumVisualStudioVersion = 10.0.40219.1
Project("{9A19103F-16F7-4668-BE54-9A1E7A4F7556}") = "RSCG_InterceptorTemplateConsole", "RSCG_InterceptorTemplateConsole\RSCG_InterceptorTemplateConsole.csproj", "{790A1F89-DB4B-4C76-90A5-C15907E15CB9}"
EndProject
Project("{9A19103F-16F7-4668-BE54-9A1E7A4F7556}") = "RSCG_DemoObjects", "RSCG_DemoObjects\RSCG_DemoObjects.csproj", "{EB90C581-704A-4866-BC92-9B8C2151F055}"
EndProject
Global
	GlobalSection(SolutionConfigurationPlatforms) = preSolution
		Debug|Any CPU = Debug|Any CPU
		Release|Any CPU = Release|Any CPU
	EndGlobalSection
	GlobalSection(ProjectConfigurationPlatforms) = postSolution
		{790A1F89-DB4B-4C76-90A5-C15907E15CB9}.Debug|Any CPU.ActiveCfg = Debug|Any CPU
		{790A1F89-DB4B-4C76-90A5-C15907E15CB9}.Debug|Any CPU.Build.0 = Debug|Any CPU
		{790A1F89-DB4B-4C76-90A5-C15907E15CB9}.Release|Any CPU.ActiveCfg = Release|Any CPU
		{790A1F89-DB4B-4C76-90A5-C15907E15CB9}.Release|Any CPU.Build.0 = Release|Any CPU
		{EB90C581-704A-4866-BC92-9B8C2151F055}.Debug|Any CPU.ActiveCfg = Debug|Any CPU
		{EB90C581-704A-4866-BC92-9B8C2151F055}.Debug|Any CPU.Build.0 = Debug|Any CPU
		{EB90C581-704A-4866-BC92-9B8C2151F055}.Release|Any CPU.ActiveCfg = Release|Any CPU
		{EB90C581-704A-4866-BC92-9B8C2151F055}.Release|Any CPU.Build.0 = Release|Any CPU
	EndGlobalSection
	GlobalSection(SolutionProperties) = preSolution
		HideSolutionNode = FALSE
	EndGlobalSection
	GlobalSection(ExtensibilityGlobals) = postSolution
		SolutionGuid = {852F4B3F-60DE-4F6E-86B4-6C32CE0ACCC0}
	EndGlobalSection
EndGlobal
