
Microsoft Visual Studio Solution File, Format Version 12.00
# Visual Studio Version 17
VisualStudioVersion = 17.8.34309.116
MinimumVisualStudioVersion = 10.0.40219.1
Project("{FAE04EC0-301F-11D3-BF4B-00C04F79EFBC}") = "ComDemo", "ComDemo\ComDemo.csproj", "{C7C643B0-E687-4C9B-A694-ED307384C4D2}"
EndProject
Global
	GlobalSection(SolutionConfigurationPlatforms) = preSolution
		Debug|Any CPU = Debug|Any CPU
		Release|Any CPU = Release|Any CPU
	EndGlobalSection
	GlobalSection(ProjectConfigurationPlatforms) = postSolution
		{C7C643B0-E687-4C9B-A694-ED307384C4D2}.Debug|Any CPU.ActiveCfg = Debug|Any CPU
		{C7C643B0-E687-4C9B-A694-ED307384C4D2}.Debug|Any CPU.Build.0 = Debug|Any CPU
		{C7C643B0-E687-4C9B-A694-ED307384C4D2}.Release|Any CPU.ActiveCfg = Release|Any CPU
		{C7C643B0-E687-4C9B-A694-ED307384C4D2}.Release|Any CPU.Build.0 = Release|Any CPU
	EndGlobalSection
	GlobalSection(SolutionProperties) = preSolution
		HideSolutionNode = FALSE
	EndGlobalSection
	GlobalSection(ExtensibilityGlobals) = postSolution
		SolutionGuid = {AEC0D250-7C7C-4100-8ACE-50C6D7D871B2}
	EndGlobalSection
EndGlobal
