
Microsoft Visual Studio Solution File, Format Version 12.00
# Visual Studio Version 17
VisualStudioVersion = 17.8.34525.116
MinimumVisualStudioVersion = 10.0.40219.1
Project("{FAE04EC0-301F-11D3-BF4B-00C04F79EFBC}") = "HangFireRec", "HangFireRec\HangFireRec.csproj", "{43E15D03-1386-4D9D-8AF1-E68D862C7B80}"
EndProject
Global
	GlobalSection(SolutionConfigurationPlatforms) = preSolution
		Debug|Any CPU = Debug|Any CPU
		Release|Any CPU = Release|Any CPU
	EndGlobalSection
	GlobalSection(ProjectConfigurationPlatforms) = postSolution
		{43E15D03-1386-4D9D-8AF1-E68D862C7B80}.Debug|Any CPU.ActiveCfg = Debug|Any CPU
		{43E15D03-1386-4D9D-8AF1-E68D862C7B80}.Debug|Any CPU.Build.0 = Debug|Any CPU
		{43E15D03-1386-4D9D-8AF1-E68D862C7B80}.Release|Any CPU.ActiveCfg = Release|Any CPU
		{43E15D03-1386-4D9D-8AF1-E68D862C7B80}.Release|Any CPU.Build.0 = Release|Any CPU
	EndGlobalSection
	GlobalSection(SolutionProperties) = preSolution
		HideSolutionNode = FALSE
	EndGlobalSection
	GlobalSection(ExtensibilityGlobals) = postSolution
		SolutionGuid = {206F952E-650B-485A-A5ED-16EFB6C6DD95}
	EndGlobalSection
EndGlobal
