
Microsoft Visual Studio Solution File, Format Version 12.00
# Visual Studio Version 17
VisualStudioVersion = 17.14.36414.22 d17.14
MinimumVisualStudioVersion = 10.0.40219.1
Project("{FAE04EC0-301F-11D3-BF4B-00C04F79EFBC}") = "DemoAI", "DemoAI\DemoAI.csproj", "{7E2B9DD1-E30E-4990-B3AB-71E1B0DD612D}"
EndProject
Global
	GlobalSection(SolutionConfigurationPlatforms) = preSolution
		Debug|Any CPU = Debug|Any CPU
		Release|Any CPU = Release|Any CPU
	EndGlobalSection
	GlobalSection(ProjectConfigurationPlatforms) = postSolution
		{7E2B9DD1-E30E-4990-B3AB-71E1B0DD612D}.Debug|Any CPU.ActiveCfg = Debug|Any CPU
		{7E2B9DD1-E30E-4990-B3AB-71E1B0DD612D}.Debug|Any CPU.Build.0 = Debug|Any CPU
		{7E2B9DD1-E30E-4990-B3AB-71E1B0DD612D}.Release|Any CPU.ActiveCfg = Release|Any CPU
		{7E2B9DD1-E30E-4990-B3AB-71E1B0DD612D}.Release|Any CPU.Build.0 = Release|Any CPU
	EndGlobalSection
	GlobalSection(SolutionProperties) = preSolution
		HideSolutionNode = FALSE
	EndGlobalSection
	GlobalSection(ExtensibilityGlobals) = postSolution
		SolutionGuid = {15647B26-E02C-48A2-8743-6DD3297D586A}
	EndGlobalSection
EndGlobal
