
Microsoft Visual Studio Solution File, Format Version 12.00
# Visual Studio Version 17
VisualStudioVersion = 17.6.33829.357
MinimumVisualStudioVersion = 10.0.40219.1
Project("{FAE04EC0-301F-11D3-BF4B-00C04F79EFBC}") = "OneOfDemo", "OneOfDemo\OneOfDemo.csproj", "{7C18D424-E210-41B3-8ED0-00158EC12057}"
EndProject
Global
	GlobalSection(SolutionConfigurationPlatforms) = preSolution
		Debug|Any CPU = Debug|Any CPU
		Release|Any CPU = Release|Any CPU
	EndGlobalSection
	GlobalSection(ProjectConfigurationPlatforms) = postSolution
		{7C18D424-E210-41B3-8ED0-00158EC12057}.Debug|Any CPU.ActiveCfg = Debug|Any CPU
		{7C18D424-E210-41B3-8ED0-00158EC12057}.Debug|Any CPU.Build.0 = Debug|Any CPU
		{7C18D424-E210-41B3-8ED0-00158EC12057}.Release|Any CPU.ActiveCfg = Release|Any CPU
		{7C18D424-E210-41B3-8ED0-00158EC12057}.Release|Any CPU.Build.0 = Release|Any CPU
	EndGlobalSection
	GlobalSection(SolutionProperties) = preSolution
		HideSolutionNode = FALSE
	EndGlobalSection
	GlobalSection(ExtensibilityGlobals) = postSolution
		SolutionGuid = {221863E0-7EE5-4240-AF1B-243AEFDD8975}
	EndGlobalSection
EndGlobal
