
Microsoft Visual Studio Solution File, Format Version 12.00
# Visual Studio Version 16
VisualStudioVersion = 16.0.31605.320
MinimumVisualStudioVersion = 10.0.40219.1
Project("{FAE04EC0-301F-11D3-BF4B-00C04F79EFBC}") = "TinyBLLogic", "TinyBLLogic\TinyBLLogic.csproj", "{84B7AB52-65F2-446C-82EB-B903E83AA183}"
EndProject
Project("{FAE04EC0-301F-11D3-BF4B-00C04F79EFBC}") = "TinyConsole", "TinyConsole\TinyConsole.csproj", "{EF449A3E-0E10-4A49-9EC2-1CF9E2410BA6}"
EndProject
Global
	GlobalSection(SolutionConfigurationPlatforms) = preSolution
		Debug|Any CPU = Debug|Any CPU
		Release|Any CPU = Release|Any CPU
	EndGlobalSection
	GlobalSection(ProjectConfigurationPlatforms) = postSolution
		{84B7AB52-65F2-446C-82EB-B903E83AA183}.Debug|Any CPU.ActiveCfg = Debug|Any CPU
		{84B7AB52-65F2-446C-82EB-B903E83AA183}.Debug|Any CPU.Build.0 = Debug|Any CPU
		{84B7AB52-65F2-446C-82EB-B903E83AA183}.Release|Any CPU.ActiveCfg = Release|Any CPU
		{84B7AB52-65F2-446C-82EB-B903E83AA183}.Release|Any CPU.Build.0 = Release|Any CPU
		{EF449A3E-0E10-4A49-9EC2-1CF9E2410BA6}.Debug|Any CPU.ActiveCfg = Debug|Any CPU
		{EF449A3E-0E10-4A49-9EC2-1CF9E2410BA6}.Debug|Any CPU.Build.0 = Debug|Any CPU
		{EF449A3E-0E10-4A49-9EC2-1CF9E2410BA6}.Release|Any CPU.ActiveCfg = Release|Any CPU
		{EF449A3E-0E10-4A49-9EC2-1CF9E2410BA6}.Release|Any CPU.Build.0 = Release|Any CPU
	EndGlobalSection
	GlobalSection(SolutionProperties) = preSolution
		HideSolutionNode = FALSE
	EndGlobalSection
	GlobalSection(ExtensibilityGlobals) = postSolution
		SolutionGuid = {906596E0-F4A2-4D76-9BDD-D8419BCA5C1D}
	EndGlobalSection
EndGlobal
