
Microsoft Visual Studio Solution File, Format Version 12.00
# Visual Studio Version 17
VisualStudioVersion = 17.11.35219.272
MinimumVisualStudioVersion = 10.0.40219.1
Project("{9A19103F-16F7-4668-BE54-9A1E7A4F7556}") = "TestNameGenerator", "TestNameGenerator\TestNameGenerator.csproj", "{96FA2188-D3EA-447B-8FA6-C0330DEC1E6E}"
EndProject
Global
	GlobalSection(SolutionConfigurationPlatforms) = preSolution
		Debug|Any CPU = Debug|Any CPU
		Release|Any CPU = Release|Any CPU
	EndGlobalSection
	GlobalSection(ProjectConfigurationPlatforms) = postSolution
		{96FA2188-D3EA-447B-8FA6-C0330DEC1E6E}.Debug|Any CPU.ActiveCfg = Debug|Any CPU
		{96FA2188-D3EA-447B-8FA6-C0330DEC1E6E}.Debug|Any CPU.Build.0 = Debug|Any CPU
		{96FA2188-D3EA-447B-8FA6-C0330DEC1E6E}.Release|Any CPU.ActiveCfg = Release|Any CPU
		{96FA2188-D3EA-447B-8FA6-C0330DEC1E6E}.Release|Any CPU.Build.0 = Release|Any CPU
	EndGlobalSection
	GlobalSection(SolutionProperties) = preSolution
		HideSolutionNode = FALSE
	EndGlobalSection
	GlobalSection(ExtensibilityGlobals) = postSolution
		SolutionGuid = {45B4CA33-642A-400E-9E9B-6924AD24FFD9}
	EndGlobalSection
EndGlobal
