
Microsoft Visual Studio Solution File, Format Version 12.00
# Visual Studio Version 17
VisualStudioVersion = 17.9.34607.119
MinimumVisualStudioVersion = 10.0.40219.1
Project("{9A19103F-16F7-4668-BE54-9A1E7A4F7556}") = "JSON2ClassConsole", "JSON2ClassConsole\JSON2ClassConsole.csproj", "{B3B378C9-45A0-4C5A-96F1-E46F35E8F72A}"
EndProject
Global
	GlobalSection(SolutionConfigurationPlatforms) = preSolution
		Debug|Any CPU = Debug|Any CPU
		Release|Any CPU = Release|Any CPU
	EndGlobalSection
	GlobalSection(ProjectConfigurationPlatforms) = postSolution
		{B3B378C9-45A0-4C5A-96F1-E46F35E8F72A}.Debug|Any CPU.ActiveCfg = Debug|Any CPU
		{B3B378C9-45A0-4C5A-96F1-E46F35E8F72A}.Debug|Any CPU.Build.0 = Debug|Any CPU
		{B3B378C9-45A0-4C5A-96F1-E46F35E8F72A}.Release|Any CPU.ActiveCfg = Release|Any CPU
		{B3B378C9-45A0-4C5A-96F1-E46F35E8F72A}.Release|Any CPU.Build.0 = Release|Any CPU
	EndGlobalSection
	GlobalSection(SolutionProperties) = preSolution
		HideSolutionNode = FALSE
	EndGlobalSection
	GlobalSection(ExtensibilityGlobals) = postSolution
		SolutionGuid = {A68FD36D-C206-4579-BE21-DFF2EF6E0CF2}
	EndGlobalSection
EndGlobal
