
Microsoft Visual Studio Solution File, Format Version 12.00
# Visual Studio Version 17
VisualStudioVersion = 17.7.34031.279
MinimumVisualStudioVersion = 10.0.40219.1
Project("{9A19103F-16F7-4668-BE54-9A1E7A4F7556}") = "Generator", "Generator\Generator.csproj", "{48CA2DDA-C3D0-4D5F-9A05-8CEFEB777E61}"
EndProject
Project("{FAE04EC0-301F-11D3-BF4B-00C04F79EFBC}") = "GeneratorVideo", "GeneratorVideo\GeneratorVideo.csproj", "{DF70DE92-69FC-4804-AEB9-59354294F008}"
EndProject
Global
	GlobalSection(SolutionConfigurationPlatforms) = preSolution
		Debug|Any CPU = Debug|Any CPU
		Release|Any CPU = Release|Any CPU
	EndGlobalSection
	GlobalSection(ProjectConfigurationPlatforms) = postSolution
		{48CA2DDA-C3D0-4D5F-9A05-8CEFEB777E61}.Debug|Any CPU.ActiveCfg = Debug|Any CPU
		{48CA2DDA-C3D0-4D5F-9A05-8CEFEB777E61}.Debug|Any CPU.Build.0 = Debug|Any CPU
		{48CA2DDA-C3D0-4D5F-9A05-8CEFEB777E61}.Release|Any CPU.ActiveCfg = Release|Any CPU
		{48CA2DDA-C3D0-4D5F-9A05-8CEFEB777E61}.Release|Any CPU.Build.0 = Release|Any CPU
		{DF70DE92-69FC-4804-AEB9-59354294F008}.Debug|Any CPU.ActiveCfg = Debug|Any CPU
		{DF70DE92-69FC-4804-AEB9-59354294F008}.Debug|Any CPU.Build.0 = Debug|Any CPU
		{DF70DE92-69FC-4804-AEB9-59354294F008}.Release|Any CPU.ActiveCfg = Release|Any CPU
		{DF70DE92-69FC-4804-AEB9-59354294F008}.Release|Any CPU.Build.0 = Release|Any CPU
	EndGlobalSection
	GlobalSection(SolutionProperties) = preSolution
		HideSolutionNode = FALSE
	EndGlobalSection
	GlobalSection(ExtensibilityGlobals) = postSolution
		SolutionGuid = {0361ECD4-3A6D-423C-BA29-06119D430594}
	EndGlobalSection
EndGlobal
