
Microsoft Visual Studio Solution File, Format Version 12.00
# Visual Studio Version 16
VisualStudioVersion = 16.0.31019.35
MinimumVisualStudioVersion = 10.0.40219.1
Project("{FAE04EC0-301F-11D3-BF4B-00C04F79EFBC}") = "MakeClone", "MakeClone\MakeClone.csproj", "{EB928336-0E54-423A-A845-BD225999CC79}"
EndProject
Global
	GlobalSection(SolutionConfigurationPlatforms) = preSolution
		Debug|Any CPU = Debug|Any CPU
		Release|Any CPU = Release|Any CPU
	EndGlobalSection
	GlobalSection(ProjectConfigurationPlatforms) = postSolution
		{EB928336-0E54-423A-A845-BD225999CC79}.Debug|Any CPU.ActiveCfg = Debug|Any CPU
		{EB928336-0E54-423A-A845-BD225999CC79}.Debug|Any CPU.Build.0 = Debug|Any CPU
		{EB928336-0E54-423A-A845-BD225999CC79}.Release|Any CPU.ActiveCfg = Release|Any CPU
		{EB928336-0E54-423A-A845-BD225999CC79}.Release|Any CPU.Build.0 = Release|Any CPU
	EndGlobalSection
	GlobalSection(SolutionProperties) = preSolution
		HideSolutionNode = FALSE
	EndGlobalSection
	GlobalSection(ExtensibilityGlobals) = postSolution
		SolutionGuid = {284E6746-A79F-44E2-8DB0-47F67A87881B}
	EndGlobalSection
EndGlobal
