
Microsoft Visual Studio Solution File, Format Version 12.00
# Visual Studio Version 17
VisualStudioVersion = 17.9.34607.119
MinimumVisualStudioVersion = 10.0.40219.1
Project("{FAE04EC0-301F-11D3-BF4B-00C04F79EFBC}") = "LinqDemo", "LinqDemo\LinqDemo.csproj", "{450383DC-0E29-4587-B30B-84C530A86A43}"
EndProject
Global
	GlobalSection(SolutionConfigurationPlatforms) = preSolution
		Debug|Any CPU = Debug|Any CPU
		Release|Any CPU = Release|Any CPU
	EndGlobalSection
	GlobalSection(ProjectConfigurationPlatforms) = postSolution
		{450383DC-0E29-4587-B30B-84C530A86A43}.Debug|Any CPU.ActiveCfg = Debug|Any CPU
		{450383DC-0E29-4587-B30B-84C530A86A43}.Debug|Any CPU.Build.0 = Debug|Any CPU
		{450383DC-0E29-4587-B30B-84C530A86A43}.Release|Any CPU.ActiveCfg = Release|Any CPU
		{450383DC-0E29-4587-B30B-84C530A86A43}.Release|Any CPU.Build.0 = Release|Any CPU
	EndGlobalSection
	GlobalSection(SolutionProperties) = preSolution
		HideSolutionNode = FALSE
	EndGlobalSection
	GlobalSection(ExtensibilityGlobals) = postSolution
		SolutionGuid = {C12F755D-B1D0-40E5-AB5B-25B390184A34}
	EndGlobalSection
EndGlobal
