
Microsoft Visual Studio Solution File, Format Version 12.00
# Visual Studio Version 17
VisualStudioVersion = 17.14.35906.104 d17.14
MinimumVisualStudioVersion = 10.0.40219.1
Project("{FAE04EC0-301F-11D3-BF4B-00C04F79EFBC}") = "DemoPMart", "DemoPMart\DemoPMart.csproj", "{4C369F35-CB9A-4405-8D57-F79960B3AED8}"
EndProject
Global
	GlobalSection(SolutionConfigurationPlatforms) = preSolution
		Debug|Any CPU = Debug|Any CPU
		Release|Any CPU = Release|Any CPU
	EndGlobalSection
	GlobalSection(ProjectConfigurationPlatforms) = postSolution
		{4C369F35-CB9A-4405-8D57-F79960B3AED8}.Debug|Any CPU.ActiveCfg = Debug|Any CPU
		{4C369F35-CB9A-4405-8D57-F79960B3AED8}.Debug|Any CPU.Build.0 = Debug|Any CPU
		{4C369F35-CB9A-4405-8D57-F79960B3AED8}.Release|Any CPU.ActiveCfg = Release|Any CPU
		{4C369F35-CB9A-4405-8D57-F79960B3AED8}.Release|Any CPU.Build.0 = Release|Any CPU
	EndGlobalSection
	GlobalSection(SolutionProperties) = preSolution
		HideSolutionNode = FALSE
	EndGlobalSection
	GlobalSection(ExtensibilityGlobals) = postSolution
		SolutionGuid = {9D927890-96F8-4A9A-A1C4-9A3F7A88FF67}
	EndGlobalSection
EndGlobal
