
Microsoft Visual Studio Solution File, Format Version 12.00
# Visual Studio Version 17
VisualStudioVersion = 17.10.35027.167
MinimumVisualStudioVersion = 10.0.40219.1
Project("{FAE04EC0-301F-11D3-BF4B-00C04F79EFBC}") = "ProjectConstants", "ProjectConstants\ProjectConstants.csproj", "{F10FCD02-995F-4206-82A6-99258EAC54B9}"
EndProject
Global
	GlobalSection(SolutionConfigurationPlatforms) = preSolution
		Debug|Any CPU = Debug|Any CPU
		Release|Any CPU = Release|Any CPU
	EndGlobalSection
	GlobalSection(ProjectConfigurationPlatforms) = postSolution
		{F10FCD02-995F-4206-82A6-99258EAC54B9}.Debug|Any CPU.ActiveCfg = Debug|Any CPU
		{F10FCD02-995F-4206-82A6-99258EAC54B9}.Debug|Any CPU.Build.0 = Debug|Any CPU
		{F10FCD02-995F-4206-82A6-99258EAC54B9}.Release|Any CPU.ActiveCfg = Release|Any CPU
		{F10FCD02-995F-4206-82A6-99258EAC54B9}.Release|Any CPU.Build.0 = Release|Any CPU
	EndGlobalSection
	GlobalSection(SolutionProperties) = preSolution
		HideSolutionNode = FALSE
	EndGlobalSection
	GlobalSection(ExtensibilityGlobals) = postSolution
		SolutionGuid = {2979784B-E9F8-4BC0-B23C-C4F4100493FD}
	EndGlobalSection
EndGlobal
