
Microsoft Visual Studio Solution File, Format Version 12.00
# Visual Studio Version 17
VisualStudioVersion = 17.6.33829.357
MinimumVisualStudioVersion = 10.0.40219.1
Project("{9A19103F-16F7-4668-BE54-9A1E7A4F7556}") = "Mediator", "Mediator\Mediator.csproj", "{09878A37-9036-4563-816D-89A00C3B5615}"
EndProject
Global
	GlobalSection(SolutionConfigurationPlatforms) = preSolution
		Debug|Any CPU = Debug|Any CPU
		Release|Any CPU = Release|Any CPU
	EndGlobalSection
	GlobalSection(ProjectConfigurationPlatforms) = postSolution
		{09878A37-9036-4563-816D-89A00C3B5615}.Debug|Any CPU.ActiveCfg = Debug|Any CPU
		{09878A37-9036-4563-816D-89A00C3B5615}.Debug|Any CPU.Build.0 = Debug|Any CPU
		{09878A37-9036-4563-816D-89A00C3B5615}.Release|Any CPU.ActiveCfg = Release|Any CPU
		{09878A37-9036-4563-816D-89A00C3B5615}.Release|Any CPU.Build.0 = Release|Any CPU
	EndGlobalSection
	GlobalSection(SolutionProperties) = preSolution
		HideSolutionNode = FALSE
	EndGlobalSection
	GlobalSection(ExtensibilityGlobals) = postSolution
		SolutionGuid = {ACC2901D-2821-4462-B3C0-7A7FE8B03FAF}
	EndGlobalSection
EndGlobal
