
Microsoft Visual Studio Solution File, Format Version 12.00
# Visual Studio Version 17
VisualStudioVersion = 17.6.33829.357
MinimumVisualStudioVersion = 10.0.40219.1
Project("{9A19103F-16F7-4668-BE54-9A1E7A4F7556}") = "UnitDemo", "UnitDemo\UnitDemo.csproj", "{1AD6BCEF-2241-4F8B-84EC-0AC32A8F565B}"
EndProject
Global
	GlobalSection(SolutionConfigurationPlatforms) = preSolution
		Debug|Any CPU = Debug|Any CPU
		Release|Any CPU = Release|Any CPU
	EndGlobalSection
	GlobalSection(ProjectConfigurationPlatforms) = postSolution
		{1AD6BCEF-2241-4F8B-84EC-0AC32A8F565B}.Debug|Any CPU.ActiveCfg = Debug|Any CPU
		{1AD6BCEF-2241-4F8B-84EC-0AC32A8F565B}.Debug|Any CPU.Build.0 = Debug|Any CPU
		{1AD6BCEF-2241-4F8B-84EC-0AC32A8F565B}.Release|Any CPU.ActiveCfg = Release|Any CPU
		{1AD6BCEF-2241-4F8B-84EC-0AC32A8F565B}.Release|Any CPU.Build.0 = Release|Any CPU
	EndGlobalSection
	GlobalSection(SolutionProperties) = preSolution
		HideSolutionNode = FALSE
	EndGlobalSection
	GlobalSection(ExtensibilityGlobals) = postSolution
		SolutionGuid = {07F44847-0CEE-4F5D-8FB0-C612676F3BE3}
	EndGlobalSection
EndGlobal
