
Microsoft Visual Studio Solution File, Format Version 12.00
# Visual Studio Version 17
VisualStudioVersion = 17.14.36408.4 d17.14
MinimumVisualStudioVersion = 10.0.40219.1
Project("{FAE04EC0-301F-11D3-BF4B-00C04F79EFBC}") = "DemoAttr", "DemoAttr\DemoAttr.csproj", "{E7AE387F-3B33-41EF-A809-94E5C21EDBFC}"
EndProject
Global
	GlobalSection(SolutionConfigurationPlatforms) = preSolution
		Debug|Any CPU = Debug|Any CPU
		Release|Any CPU = Release|Any CPU
	EndGlobalSection
	GlobalSection(ProjectConfigurationPlatforms) = postSolution
		{E7AE387F-3B33-41EF-A809-94E5C21EDBFC}.Debug|Any CPU.ActiveCfg = Debug|Any CPU
		{E7AE387F-3B33-41EF-A809-94E5C21EDBFC}.Debug|Any CPU.Build.0 = Debug|Any CPU
		{E7AE387F-3B33-41EF-A809-94E5C21EDBFC}.Release|Any CPU.ActiveCfg = Release|Any CPU
		{E7AE387F-3B33-41EF-A809-94E5C21EDBFC}.Release|Any CPU.Build.0 = Release|Any CPU
	EndGlobalSection
	GlobalSection(SolutionProperties) = preSolution
		HideSolutionNode = FALSE
	EndGlobalSection
	GlobalSection(ExtensibilityGlobals) = postSolution
		SolutionGuid = {75065D34-E2FE-414E-BE26-D871D5945284}
	EndGlobalSection
EndGlobal
