
Microsoft Visual Studio Solution File, Format Version 12.00
# Visual Studio Version 17
VisualStudioVersion = 17.6.33829.357
MinimumVisualStudioVersion = 10.0.40219.1
Project("{FAE04EC0-301F-11D3-BF4B-00C04F79EFBC}") = "RefitDemo", "RefitDemo\RefitDemo.csproj", "{50BAD396-739E-4081-BB92-5A4B65DB3CE5}"
EndProject
Global
	GlobalSection(SolutionConfigurationPlatforms) = preSolution
		Debug|Any CPU = Debug|Any CPU
		Release|Any CPU = Release|Any CPU
	EndGlobalSection
	GlobalSection(ProjectConfigurationPlatforms) = postSolution
		{50BAD396-739E-4081-BB92-5A4B65DB3CE5}.Debug|Any CPU.ActiveCfg = Debug|Any CPU
		{50BAD396-739E-4081-BB92-5A4B65DB3CE5}.Debug|Any CPU.Build.0 = Debug|Any CPU
		{50BAD396-739E-4081-BB92-5A4B65DB3CE5}.Release|Any CPU.ActiveCfg = Release|Any CPU
		{50BAD396-739E-4081-BB92-5A4B65DB3CE5}.Release|Any CPU.Build.0 = Release|Any CPU
	EndGlobalSection
	GlobalSection(SolutionProperties) = preSolution
		HideSolutionNode = FALSE
	EndGlobalSection
	GlobalSection(ExtensibilityGlobals) = postSolution
		SolutionGuid = {8CFB72A7-DF84-45BD-B20E-75024203560E}
	EndGlobalSection
EndGlobal
