
Microsoft Visual Studio Solution File, Format Version 12.00
# Visual Studio Version 17
VisualStudioVersion = 17.7.34031.279
MinimumVisualStudioVersion = 10.0.40219.1
Project("{FAE04EC0-301F-11D3-BF4B-00C04F79EFBC}") = "StringLiteralDemo", "StringLiteralDemo\StringLiteralDemo.csproj", "{1FA2D792-28EE-48A5-82F4-1ADAC3291402}"
EndProject
Global
	GlobalSection(SolutionConfigurationPlatforms) = preSolution
		Debug|Any CPU = Debug|Any CPU
		Release|Any CPU = Release|Any CPU
	EndGlobalSection
	GlobalSection(ProjectConfigurationPlatforms) = postSolution
		{1FA2D792-28EE-48A5-82F4-1ADAC3291402}.Debug|Any CPU.ActiveCfg = Debug|Any CPU
		{1FA2D792-28EE-48A5-82F4-1ADAC3291402}.Debug|Any CPU.Build.0 = Debug|Any CPU
		{1FA2D792-28EE-48A5-82F4-1ADAC3291402}.Release|Any CPU.ActiveCfg = Release|Any CPU
		{1FA2D792-28EE-48A5-82F4-1ADAC3291402}.Release|Any CPU.Build.0 = Release|Any CPU
	EndGlobalSection
	GlobalSection(SolutionProperties) = preSolution
		HideSolutionNode = FALSE
	EndGlobalSection
	GlobalSection(ExtensibilityGlobals) = postSolution
		SolutionGuid = {973CDB10-1040-4F3E-AD1E-4E46417F7198}
	EndGlobalSection
EndGlobal
