
Microsoft Visual Studio Solution File, Format Version 12.00
# Visual Studio Version 17
VisualStudioVersion = 17.5.33627.172
MinimumVisualStudioVersion = 10.0.40219.1
Project("{FAE04EC0-301F-11D3-BF4B-00C04F79EFBC}") = "RazorBladeDemo", "RazorBladeDemo\RazorBladeDemo.csproj", "{CAE63736-F3FD-4F17-9AE8-709C1C588D1A}"
EndProject
Global
	GlobalSection(SolutionConfigurationPlatforms) = preSolution
		Debug|Any CPU = Debug|Any CPU
		Release|Any CPU = Release|Any CPU
	EndGlobalSection
	GlobalSection(ProjectConfigurationPlatforms) = postSolution
		{CAE63736-F3FD-4F17-9AE8-709C1C588D1A}.Debug|Any CPU.ActiveCfg = Debug|Any CPU
		{CAE63736-F3FD-4F17-9AE8-709C1C588D1A}.Debug|Any CPU.Build.0 = Debug|Any CPU
		{CAE63736-F3FD-4F17-9AE8-709C1C588D1A}.Release|Any CPU.ActiveCfg = Release|Any CPU
		{CAE63736-F3FD-4F17-9AE8-709C1C588D1A}.Release|Any CPU.Build.0 = Release|Any CPU
	EndGlobalSection
	GlobalSection(SolutionProperties) = preSolution
		HideSolutionNode = FALSE
	EndGlobalSection
	GlobalSection(ExtensibilityGlobals) = postSolution
		SolutionGuid = {AD8FBFBD-AC46-4D76-9401-40DBB49DCFC0}
	EndGlobalSection
EndGlobal
