
Microsoft Visual Studio Solution File, Format Version 12.00
# Visual Studio Version 17
VisualStudioVersion = 17.7.34031.279
MinimumVisualStudioVersion = 10.0.40219.1
Project("{FAE04EC0-301F-11D3-BF4B-00C04F79EFBC}") = "DemoApi", "DemoApi\DemoApi.csproj", "{579E60A5-55FA-41D8-B778-382224EA8FB6}"
EndProject
Global
	GlobalSection(SolutionConfigurationPlatforms) = preSolution
		Debug|Any CPU = Debug|Any CPU
		Release|Any CPU = Release|Any CPU
	EndGlobalSection
	GlobalSection(ProjectConfigurationPlatforms) = postSolution
		{579E60A5-55FA-41D8-B778-382224EA8FB6}.Debug|Any CPU.ActiveCfg = Debug|Any CPU
		{579E60A5-55FA-41D8-B778-382224EA8FB6}.Debug|Any CPU.Build.0 = Debug|Any CPU
		{579E60A5-55FA-41D8-B778-382224EA8FB6}.Release|Any CPU.ActiveCfg = Release|Any CPU
		{579E60A5-55FA-41D8-B778-382224EA8FB6}.Release|Any CPU.Build.0 = Release|Any CPU
	EndGlobalSection
	GlobalSection(SolutionProperties) = preSolution
		HideSolutionNode = FALSE
	EndGlobalSection
	GlobalSection(ExtensibilityGlobals) = postSolution
		SolutionGuid = {0E2A2946-C374-4584-873E-2A413084910F}
	EndGlobalSection
EndGlobal
