
Microsoft Visual Studio Solution File, Format Version 12.00
# Visual Studio Version 16
VisualStudioVersion = 16.0.31005.135
MinimumVisualStudioVersion = 10.0.40219.1
Project("{FAE04EC0-301F-11D3-BF4B-00C04F79EFBC}") = "AOPSkinnyController", "AOPSkinnyController\AOPSkinnyController.csproj", "{86A57594-B53C-42F3-BCAB-A683DEFB5B8D}"
EndProject
Global
	GlobalSection(SolutionConfigurationPlatforms) = preSolution
		Debug|Any CPU = Debug|Any CPU
		Release|Any CPU = Release|Any CPU
	EndGlobalSection
	GlobalSection(ProjectConfigurationPlatforms) = postSolution
		{86A57594-B53C-42F3-BCAB-A683DEFB5B8D}.Debug|Any CPU.ActiveCfg = Debug|Any CPU
		{86A57594-B53C-42F3-BCAB-A683DEFB5B8D}.Debug|Any CPU.Build.0 = Debug|Any CPU
		{86A57594-B53C-42F3-BCAB-A683DEFB5B8D}.Release|Any CPU.ActiveCfg = Release|Any CPU
		{86A57594-B53C-42F3-BCAB-A683DEFB5B8D}.Release|Any CPU.Build.0 = Release|Any CPU
	EndGlobalSection
	GlobalSection(SolutionProperties) = preSolution
		HideSolutionNode = FALSE
	EndGlobalSection
	GlobalSection(ExtensibilityGlobals) = postSolution
		SolutionGuid = {EA978F48-75B9-4B16-B0B6-C91415D500F7}
	EndGlobalSection
EndGlobal
