
Microsoft Visual Studio Solution File, Format Version 12.00
# Visual Studio Version 16
VisualStudioVersion = 16.0.31005.135
MinimumVisualStudioVersion = 10.0.40219.1
Project("{FAE04EC0-301F-11D3-BF4B-00C04F79EFBC}") = "PartFunc", "PartFunc\PartFunc.csproj", "{BAC925BB-1958-4AA7-9AE6-0DB3EAE79A8E}"
EndProject
Global
	GlobalSection(SolutionConfigurationPlatforms) = preSolution
		Debug|Any CPU = Debug|Any CPU
		Release|Any CPU = Release|Any CPU
	EndGlobalSection
	GlobalSection(ProjectConfigurationPlatforms) = postSolution
		{BAC925BB-1958-4AA7-9AE6-0DB3EAE79A8E}.Debug|Any CPU.ActiveCfg = Debug|Any CPU
		{BAC925BB-1958-4AA7-9AE6-0DB3EAE79A8E}.Debug|Any CPU.Build.0 = Debug|Any CPU
		{BAC925BB-1958-4AA7-9AE6-0DB3EAE79A8E}.Release|Any CPU.ActiveCfg = Release|Any CPU
		{BAC925BB-1958-4AA7-9AE6-0DB3EAE79A8E}.Release|Any CPU.Build.0 = Release|Any CPU
	EndGlobalSection
	GlobalSection(SolutionProperties) = preSolution
		HideSolutionNode = FALSE
	EndGlobalSection
	GlobalSection(ExtensibilityGlobals) = postSolution
		SolutionGuid = {88704AF6-A4AA-4B99-A27C-EF4016181A3A}
	EndGlobalSection
EndGlobal
