
Microsoft Visual Studio Solution File, Format Version 12.00
# Visual Studio Version 17
VisualStudioVersion = 17.8.34309.116
MinimumVisualStudioVersion = 10.0.40219.1
Project("{FAE04EC0-301F-11D3-BF4B-00C04F79EFBC}") = "ConfigBinderDemo", "ConfigBinderDemo\ConfigBinderDemo.csproj", "{6CA9F72F-7EA0-47F8-BAD7-A9B7BBF81087}"
EndProject
Global
	GlobalSection(SolutionConfigurationPlatforms) = preSolution
		Debug|Any CPU = Debug|Any CPU
		Release|Any CPU = Release|Any CPU
	EndGlobalSection
	GlobalSection(ProjectConfigurationPlatforms) = postSolution
		{6CA9F72F-7EA0-47F8-BAD7-A9B7BBF81087}.Debug|Any CPU.ActiveCfg = Debug|Any CPU
		{6CA9F72F-7EA0-47F8-BAD7-A9B7BBF81087}.Debug|Any CPU.Build.0 = Debug|Any CPU
		{6CA9F72F-7EA0-47F8-BAD7-A9B7BBF81087}.Release|Any CPU.ActiveCfg = Release|Any CPU
		{6CA9F72F-7EA0-47F8-BAD7-A9B7BBF81087}.Release|Any CPU.Build.0 = Release|Any CPU
	EndGlobalSection
	GlobalSection(SolutionProperties) = preSolution
		HideSolutionNode = FALSE
	EndGlobalSection
	GlobalSection(ExtensibilityGlobals) = postSolution
		SolutionGuid = {5792771E-4163-4F25-B708-61CB7D77476D}
	EndGlobalSection
EndGlobal
