
Microsoft Visual Studio Solution File, Format Version 12.00
# Visual Studio Version 17
VisualStudioVersion = 17.14.36414.22 d17.14
MinimumVisualStudioVersion = 10.0.40219.1
Project("{FAE04EC0-301F-11D3-BF4B-00C04F79EFBC}") = "BlazorData", "BlazorData\BlazorData.csproj", "{11869731-09B0-4954-9DDE-F03CA87E27DE}"
EndProject
Global
	GlobalSection(SolutionConfigurationPlatforms) = preSolution
		Debug|Any CPU = Debug|Any CPU
		Release|Any CPU = Release|Any CPU
	EndGlobalSection
	GlobalSection(ProjectConfigurationPlatforms) = postSolution
		{11869731-09B0-4954-9DDE-F03CA87E27DE}.Debug|Any CPU.ActiveCfg = Debug|Any CPU
		{11869731-09B0-4954-9DDE-F03CA87E27DE}.Debug|Any CPU.Build.0 = Debug|Any CPU
		{11869731-09B0-4954-9DDE-F03CA87E27DE}.Release|Any CPU.ActiveCfg = Release|Any CPU
		{11869731-09B0-4954-9DDE-F03CA87E27DE}.Release|Any CPU.Build.0 = Release|Any CPU
	EndGlobalSection
	GlobalSection(SolutionProperties) = preSolution
		HideSolutionNode = FALSE
	EndGlobalSection
	GlobalSection(ExtensibilityGlobals) = postSolution
		SolutionGuid = {5A4447A8-4515-4BDF-B100-5371391FF49D}
	EndGlobalSection
EndGlobal
