
Microsoft Visual Studio Solution File, Format Version 12.00
# Visual Studio Version 17
VisualStudioVersion = 17.10.34902.84
MinimumVisualStudioVersion = 10.0.40219.1
Project("{FAE04EC0-301F-11D3-BF4B-00C04F79EFBC}") = "DemoMixin", "DemoMixin\DemoMixin.csproj", "{7B66FED6-7EF9-4260-97AB-D8CB47C1BDF1}"
EndProject
Global
	GlobalSection(SolutionConfigurationPlatforms) = preSolution
		Debug|Any CPU = Debug|Any CPU
		Release|Any CPU = Release|Any CPU
	EndGlobalSection
	GlobalSection(ProjectConfigurationPlatforms) = postSolution
		{7B66FED6-7EF9-4260-97AB-D8CB47C1BDF1}.Debug|Any CPU.ActiveCfg = Debug|Any CPU
		{7B66FED6-7EF9-4260-97AB-D8CB47C1BDF1}.Debug|Any CPU.Build.0 = Debug|Any CPU
		{7B66FED6-7EF9-4260-97AB-D8CB47C1BDF1}.Release|Any CPU.ActiveCfg = Release|Any CPU
		{7B66FED6-7EF9-4260-97AB-D8CB47C1BDF1}.Release|Any CPU.Build.0 = Release|Any CPU
	EndGlobalSection
	GlobalSection(SolutionProperties) = preSolution
		HideSolutionNode = FALSE
	EndGlobalSection
	GlobalSection(ExtensibilityGlobals) = postSolution
		SolutionGuid = {73C5DB4A-663A-4D77-A611-E65ADCDDD770}
	EndGlobalSection
EndGlobal
