
Microsoft Visual Studio Solution File, Format Version 12.00
# Visual Studio Version 16
VisualStudioVersion = 16.0.31005.135
MinimumVisualStudioVersion = 10.0.40219.1
Project("{FAE04EC0-301F-11D3-BF4B-00C04F79EFBC}") = "Builder", "Builder\Builder.csproj", "{AFD63A05-F54B-4E4F-98E5-BBACBD9FD524}"
EndProject
Global
	GlobalSection(SolutionConfigurationPlatforms) = preSolution
		Debug|Any CPU = Debug|Any CPU
		Release|Any CPU = Release|Any CPU
	EndGlobalSection
	GlobalSection(ProjectConfigurationPlatforms) = postSolution
		{AFD63A05-F54B-4E4F-98E5-BBACBD9FD524}.Debug|Any CPU.ActiveCfg = Debug|Any CPU
		{AFD63A05-F54B-4E4F-98E5-BBACBD9FD524}.Debug|Any CPU.Build.0 = Debug|Any CPU
		{AFD63A05-F54B-4E4F-98E5-BBACBD9FD524}.Release|Any CPU.ActiveCfg = Release|Any CPU
		{AFD63A05-F54B-4E4F-98E5-BBACBD9FD524}.Release|Any CPU.Build.0 = Release|Any CPU
	EndGlobalSection
	GlobalSection(SolutionProperties) = preSolution
		HideSolutionNode = FALSE
	EndGlobalSection
	GlobalSection(ExtensibilityGlobals) = postSolution
		SolutionGuid = {CCCECE32-B8C4-46A5-94BF-EC843EE4C618}
	EndGlobalSection
EndGlobal
