
Microsoft Visual Studio Solution File, Format Version 12.00
# Visual Studio Version 17
VisualStudioVersion = 17.14.36401.2 d17.14
MinimumVisualStudioVersion = 10.0.40219.1
Project("{FAE04EC0-301F-11D3-BF4B-00C04F79EFBC}") = "MixinConsoleDemo", "MixinConsoleDemo\MixinConsoleDemo.csproj", "{F644FAA3-7CF6-4373-82E5-8F21F7012598}"
EndProject
Global
	GlobalSection(SolutionConfigurationPlatforms) = preSolution
		Debug|Any CPU = Debug|Any CPU
		Release|Any CPU = Release|Any CPU
	EndGlobalSection
	GlobalSection(ProjectConfigurationPlatforms) = postSolution
		{F644FAA3-7CF6-4373-82E5-8F21F7012598}.Debug|Any CPU.ActiveCfg = Debug|Any CPU
		{F644FAA3-7CF6-4373-82E5-8F21F7012598}.Debug|Any CPU.Build.0 = Debug|Any CPU
		{F644FAA3-7CF6-4373-82E5-8F21F7012598}.Release|Any CPU.ActiveCfg = Release|Any CPU
		{F644FAA3-7CF6-4373-82E5-8F21F7012598}.Release|Any CPU.Build.0 = Release|Any CPU
	EndGlobalSection
	GlobalSection(SolutionProperties) = preSolution
		HideSolutionNode = FALSE
	EndGlobalSection
	GlobalSection(ExtensibilityGlobals) = postSolution
		SolutionGuid = {DBA8F6F6-001D-4FF5-B5E7-EED3EC49D8DB}
	EndGlobalSection
EndGlobal
