
Microsoft Visual Studio Solution File, Format Version 12.00
# Visual Studio Version 17
VisualStudioVersion = 17.10.35027.167
MinimumVisualStudioVersion = 10.0.40219.1
Project("{FAE04EC0-301F-11D3-BF4B-00C04F79EFBC}") = "SimpleTemplate", "SimpleTemplate\SimpleTemplate.csproj", "{B3E384BC-6B03-4FAD-97B3-0D34914EDA8E}"
EndProject
Global
	GlobalSection(SolutionConfigurationPlatforms) = preSolution
		Debug|Any CPU = Debug|Any CPU
		Release|Any CPU = Release|Any CPU
	EndGlobalSection
	GlobalSection(ProjectConfigurationPlatforms) = postSolution
		{B3E384BC-6B03-4FAD-97B3-0D34914EDA8E}.Debug|Any CPU.ActiveCfg = Debug|Any CPU
		{B3E384BC-6B03-4FAD-97B3-0D34914EDA8E}.Debug|Any CPU.Build.0 = Debug|Any CPU
		{B3E384BC-6B03-4FAD-97B3-0D34914EDA8E}.Release|Any CPU.ActiveCfg = Release|Any CPU
		{B3E384BC-6B03-4FAD-97B3-0D34914EDA8E}.Release|Any CPU.Build.0 = Release|Any CPU
	EndGlobalSection
	GlobalSection(SolutionProperties) = preSolution
		HideSolutionNode = FALSE
	EndGlobalSection
	GlobalSection(ExtensibilityGlobals) = postSolution
		SolutionGuid = {240C594F-8739-4B2E-8557-B84CA9AFF3E3}
	EndGlobalSection
EndGlobal
