
Microsoft Visual Studio Solution File, Format Version 12.00
# Visual Studio Version 17
VisualStudioVersion = 17.14.36518.9 d17.14
MinimumVisualStudioVersion = 10.0.40219.1
Project("{FAE04EC0-301F-11D3-BF4B-00C04F79EFBC}") = "Valid", "Valid\Valid.csproj", "{8CFD65C7-AE3F-42D1-BA17-B9BA385A1B00}"
EndProject
Global
	GlobalSection(SolutionConfigurationPlatforms) = preSolution
		Debug|Any CPU = Debug|Any CPU
		Release|Any CPU = Release|Any CPU
	EndGlobalSection
	GlobalSection(ProjectConfigurationPlatforms) = postSolution
		{8CFD65C7-AE3F-42D1-BA17-B9BA385A1B00}.Debug|Any CPU.ActiveCfg = Debug|Any CPU
		{8CFD65C7-AE3F-42D1-BA17-B9BA385A1B00}.Debug|Any CPU.Build.0 = Debug|Any CPU
		{8CFD65C7-AE3F-42D1-BA17-B9BA385A1B00}.Release|Any CPU.ActiveCfg = Release|Any CPU
		{8CFD65C7-AE3F-42D1-BA17-B9BA385A1B00}.Release|Any CPU.Build.0 = Release|Any CPU
	EndGlobalSection
	GlobalSection(SolutionProperties) = preSolution
		HideSolutionNode = FALSE
	EndGlobalSection
	GlobalSection(ExtensibilityGlobals) = postSolution
		SolutionGuid = {464D9BC3-8A10-4A6E-ACB8-C62CC10BF6F6}
	EndGlobalSection
EndGlobal
