
Microsoft Visual Studio Solution File, Format Version 12.00
# Visual Studio Version 17
VisualStudioVersion = 17.9.34616.47
MinimumVisualStudioVersion = 10.0.40219.1
Project("{FAE04EC0-301F-11D3-BF4B-00C04F79EFBC}") = "TranslateDemo", "TranslateDemo\TranslateDemo.csproj", "{5277EC40-3640-43E1-BB12-3104F33694DC}"
EndProject
Global
	GlobalSection(SolutionConfigurationPlatforms) = preSolution
		Debug|Any CPU = Debug|Any CPU
		Release|Any CPU = Release|Any CPU
	EndGlobalSection
	GlobalSection(ProjectConfigurationPlatforms) = postSolution
		{5277EC40-3640-43E1-BB12-3104F33694DC}.Debug|Any CPU.ActiveCfg = Debug|Any CPU
		{5277EC40-3640-43E1-BB12-3104F33694DC}.Debug|Any CPU.Build.0 = Debug|Any CPU
		{5277EC40-3640-43E1-BB12-3104F33694DC}.Release|Any CPU.ActiveCfg = Release|Any CPU
		{5277EC40-3640-43E1-BB12-3104F33694DC}.Release|Any CPU.Build.0 = Release|Any CPU
	EndGlobalSection
	GlobalSection(SolutionProperties) = preSolution
		HideSolutionNode = FALSE
	EndGlobalSection
	GlobalSection(ExtensibilityGlobals) = postSolution
		SolutionGuid = {80F698D6-BA97-4D75-ABA4-EB55A9458F7D}
	EndGlobalSection
EndGlobal
