
Microsoft Visual Studio Solution File, Format Version 12.00
# Visual Studio Version 17
VisualStudioVersion = 17.9.34607.119
MinimumVisualStudioVersion = 10.0.40219.1
Project("{FAE04EC0-301F-11D3-BF4B-00C04F79EFBC}") = "Class2String", "Class2String\Class2String.csproj", "{DAACFFFF-BEF3-43A5-A9FB-EB4F68593FDE}"
EndProject
Global
	GlobalSection(SolutionConfigurationPlatforms) = preSolution
		Debug|Any CPU = Debug|Any CPU
		Release|Any CPU = Release|Any CPU
	EndGlobalSection
	GlobalSection(ProjectConfigurationPlatforms) = postSolution
		{DAACFFFF-BEF3-43A5-A9FB-EB4F68593FDE}.Debug|Any CPU.ActiveCfg = Debug|Any CPU
		{DAACFFFF-BEF3-43A5-A9FB-EB4F68593FDE}.Debug|Any CPU.Build.0 = Debug|Any CPU
		{DAACFFFF-BEF3-43A5-A9FB-EB4F68593FDE}.Release|Any CPU.ActiveCfg = Release|Any CPU
		{DAACFFFF-BEF3-43A5-A9FB-EB4F68593FDE}.Release|Any CPU.Build.0 = Release|Any CPU
	EndGlobalSection
	GlobalSection(SolutionProperties) = preSolution
		HideSolutionNode = FALSE
	EndGlobalSection
	GlobalSection(ExtensibilityGlobals) = postSolution
		SolutionGuid = {0BA6F707-921B-4832-A3D6-39658CFF415C}
	EndGlobalSection
EndGlobal
