
Microsoft Visual Studio Solution File, Format Version 12.00
# Visual Studio Version 17
VisualStudioVersion = 17.7.34031.279
MinimumVisualStudioVersion = 10.0.40219.1
Project("{FAE04EC0-301F-11D3-BF4B-00C04F79EFBC}") = "SourceGenerator_Helper_CopyCodeDemo", "Demo\SourceGenerator_Helper_CopyCodeDemo.csproj", "{D9C544FF-44A4-49AD-AF03-3DC2A7C3D06D}"
EndProject
Global
	GlobalSection(SolutionConfigurationPlatforms) = preSolution
		Debug|Any CPU = Debug|Any CPU
		Release|Any CPU = Release|Any CPU
	EndGlobalSection
	GlobalSection(ProjectConfigurationPlatforms) = postSolution
		{D9C544FF-44A4-49AD-AF03-3DC2A7C3D06D}.Debug|Any CPU.ActiveCfg = Debug|Any CPU
		{D9C544FF-44A4-49AD-AF03-3DC2A7C3D06D}.Debug|Any CPU.Build.0 = Debug|Any CPU
		{D9C544FF-44A4-49AD-AF03-3DC2A7C3D06D}.Release|Any CPU.ActiveCfg = Release|Any CPU
		{D9C544FF-44A4-49AD-AF03-3DC2A7C3D06D}.Release|Any CPU.Build.0 = Release|Any CPU
	EndGlobalSection
	GlobalSection(SolutionProperties) = preSolution
		HideSolutionNode = FALSE
	EndGlobalSection
	GlobalSection(ExtensibilityGlobals) = postSolution
		SolutionGuid = {BDF67D81-2787-4B7D-BCE8-5654A5CA2310}
	EndGlobalSection
EndGlobal
