
Microsoft Visual Studio Solution File, Format Version 12.00
# Visual Studio Version 17
VisualStudioVersion = 17.12.35309.182
MinimumVisualStudioVersion = 10.0.40219.1
Project("{FAE04EC0-301F-11D3-BF4B-00C04F79EFBC}") = "GetTypesForInterface", "GetTypesForInterface\GetTypesForInterface.csproj", "{7322D569-3E92-45D9-9B7C-B447DC5251A6}"
EndProject
Global
	GlobalSection(SolutionConfigurationPlatforms) = preSolution
		Debug|Any CPU = Debug|Any CPU
		Release|Any CPU = Release|Any CPU
	EndGlobalSection
	GlobalSection(ProjectConfigurationPlatforms) = postSolution
		{7322D569-3E92-45D9-9B7C-B447DC5251A6}.Debug|Any CPU.ActiveCfg = Debug|Any CPU
		{7322D569-3E92-45D9-9B7C-B447DC5251A6}.Debug|Any CPU.Build.0 = Debug|Any CPU
		{7322D569-3E92-45D9-9B7C-B447DC5251A6}.Release|Any CPU.ActiveCfg = Release|Any CPU
		{7322D569-3E92-45D9-9B7C-B447DC5251A6}.Release|Any CPU.Build.0 = Release|Any CPU
	EndGlobalSection
	GlobalSection(SolutionProperties) = preSolution
		HideSolutionNode = FALSE
	EndGlobalSection
	GlobalSection(ExtensibilityGlobals) = postSolution
		SolutionGuid = {E0691B2B-9730-4EC2-BF6E-FF8ABE5618AE}
	EndGlobalSection
EndGlobal
