
Microsoft Visual Studio Solution File, Format Version 12.00
# Visual Studio Version 17
VisualStudioVersion = 17.9.34616.47
MinimumVisualStudioVersion = 10.0.40219.1
Project("{FAE04EC0-301F-11D3-BF4B-00C04F79EFBC}") = "ReadData", "ReadData\ReadData.csproj", "{56C52FD3-54AE-41FC-A84B-CD3D030A18AA}"
EndProject
Global
	GlobalSection(SolutionConfigurationPlatforms) = preSolution
		Debug|Any CPU = Debug|Any CPU
		Release|Any CPU = Release|Any CPU
	EndGlobalSection
	GlobalSection(ProjectConfigurationPlatforms) = postSolution
		{56C52FD3-54AE-41FC-A84B-CD3D030A18AA}.Debug|Any CPU.ActiveCfg = Debug|Any CPU
		{56C52FD3-54AE-41FC-A84B-CD3D030A18AA}.Debug|Any CPU.Build.0 = Debug|Any CPU
		{56C52FD3-54AE-41FC-A84B-CD3D030A18AA}.Release|Any CPU.ActiveCfg = Release|Any CPU
		{56C52FD3-54AE-41FC-A84B-CD3D030A18AA}.Release|Any CPU.Build.0 = Release|Any CPU
	EndGlobalSection
	GlobalSection(SolutionProperties) = preSolution
		HideSolutionNode = FALSE
	EndGlobalSection
	GlobalSection(ExtensibilityGlobals) = postSolution
		SolutionGuid = {963D135F-378A-459F-92B0-F355D424749E}
	EndGlobalSection
EndGlobal
