
Microsoft Visual Studio Solution File, Format Version 12.00
# Visual Studio Version 17
VisualStudioVersion = 17.7.34202.233
MinimumVisualStudioVersion = 10.0.40219.1
Project("{FAE04EC0-301F-11D3-BF4B-00C04F79EFBC}") = "StaticReflectionDemo", "StaticReflectionDemo\StaticReflectionDemo.csproj", "{1157B8B0-8F40-49C0-B5FB-46BFB8774A76}"
EndProject
Global
	GlobalSection(SolutionConfigurationPlatforms) = preSolution
		Debug|Any CPU = Debug|Any CPU
		Release|Any CPU = Release|Any CPU
	EndGlobalSection
	GlobalSection(ProjectConfigurationPlatforms) = postSolution
		{1157B8B0-8F40-49C0-B5FB-46BFB8774A76}.Debug|Any CPU.ActiveCfg = Debug|Any CPU
		{1157B8B0-8F40-49C0-B5FB-46BFB8774A76}.Debug|Any CPU.Build.0 = Debug|Any CPU
		{1157B8B0-8F40-49C0-B5FB-46BFB8774A76}.Release|Any CPU.ActiveCfg = Release|Any CPU
		{1157B8B0-8F40-49C0-B5FB-46BFB8774A76}.Release|Any CPU.Build.0 = Release|Any CPU
	EndGlobalSection
	GlobalSection(SolutionProperties) = preSolution
		HideSolutionNode = FALSE
	EndGlobalSection
	GlobalSection(ExtensibilityGlobals) = postSolution
		SolutionGuid = {73CB4455-2166-4E4C-846D-ACEC2E2654FD}
	EndGlobalSection
EndGlobal
