
Microsoft Visual Studio Solution File, Format Version 12.00
# Visual Studio Version 17
VisualStudioVersion = 17.6.33829.357
MinimumVisualStudioVersion = 10.0.40219.1
Project("{FAE04EC0-301F-11D3-BF4B-00C04F79EFBC}") = "PropChangeDemo", "PropChangeDemo\PropChangeDemo.csproj", "{EA4B4613-6B3F-41A4-8E55-FFF108559455}"
EndProject
Global
	GlobalSection(SolutionConfigurationPlatforms) = preSolution
		Debug|Any CPU = Debug|Any CPU
		Release|Any CPU = Release|Any CPU
	EndGlobalSection
	GlobalSection(ProjectConfigurationPlatforms) = postSolution
		{EA4B4613-6B3F-41A4-8E55-FFF108559455}.Debug|Any CPU.ActiveCfg = Debug|Any CPU
		{EA4B4613-6B3F-41A4-8E55-FFF108559455}.Debug|Any CPU.Build.0 = Debug|Any CPU
		{EA4B4613-6B3F-41A4-8E55-FFF108559455}.Release|Any CPU.ActiveCfg = Release|Any CPU
		{EA4B4613-6B3F-41A4-8E55-FFF108559455}.Release|Any CPU.Build.0 = Release|Any CPU
	EndGlobalSection
	GlobalSection(SolutionProperties) = preSolution
		HideSolutionNode = FALSE
	EndGlobalSection
	GlobalSection(ExtensibilityGlobals) = postSolution
		SolutionGuid = {DF2F7333-1ACE-4CE7-B2F1-462B830338DE}
	EndGlobalSection
EndGlobal
