
Microsoft Visual Studio Solution File, Format Version 12.00
# Visual Studio Version 17
VisualStudioVersion = 17.6.33829.357
MinimumVisualStudioVersion = 10.0.40219.1
Project("{FAE04EC0-301F-11D3-BF4B-00C04F79EFBC}") = "ImmutypeDemo", "ImmutypeDemo\ImmutypeDemo.csproj", "{BC788DA2-5DA7-42A9-BB80-E0720538EDCF}"
EndProject
Global
	GlobalSection(SolutionConfigurationPlatforms) = preSolution
		Debug|Any CPU = Debug|Any CPU
		Release|Any CPU = Release|Any CPU
	EndGlobalSection
	GlobalSection(ProjectConfigurationPlatforms) = postSolution
		{BC788DA2-5DA7-42A9-BB80-E0720538EDCF}.Debug|Any CPU.ActiveCfg = Debug|Any CPU
		{BC788DA2-5DA7-42A9-BB80-E0720538EDCF}.Debug|Any CPU.Build.0 = Debug|Any CPU
		{BC788DA2-5DA7-42A9-BB80-E0720538EDCF}.Release|Any CPU.ActiveCfg = Release|Any CPU
		{BC788DA2-5DA7-42A9-BB80-E0720538EDCF}.Release|Any CPU.Build.0 = Release|Any CPU
	EndGlobalSection
	GlobalSection(SolutionProperties) = preSolution
		HideSolutionNode = FALSE
	EndGlobalSection
	GlobalSection(ExtensibilityGlobals) = postSolution
		SolutionGuid = {F4687CA8-B13D-4344-BA3C-B9F9553ACB7C}
	EndGlobalSection
EndGlobal
