
Microsoft Visual Studio Solution File, Format Version 12.00
# Visual Studio Version 17
VisualStudioVersion = 17.6.33829.357
MinimumVisualStudioVersion = 10.0.40219.1
Project("{FAE04EC0-301F-11D3-BF4B-00C04F79EFBC}") = "InjectDemo", "InjectDemo\InjectDemo.csproj", "{3559BE13-9832-4D71-9C99-47465C9804BA}"
EndProject
Global
	GlobalSection(SolutionConfigurationPlatforms) = preSolution
		Debug|Any CPU = Debug|Any CPU
		Release|Any CPU = Release|Any CPU
	EndGlobalSection
	GlobalSection(ProjectConfigurationPlatforms) = postSolution
		{3559BE13-9832-4D71-9C99-47465C9804BA}.Debug|Any CPU.ActiveCfg = Debug|Any CPU
		{3559BE13-9832-4D71-9C99-47465C9804BA}.Debug|Any CPU.Build.0 = Debug|Any CPU
		{3559BE13-9832-4D71-9C99-47465C9804BA}.Release|Any CPU.ActiveCfg = Release|Any CPU
		{3559BE13-9832-4D71-9C99-47465C9804BA}.Release|Any CPU.Build.0 = Release|Any CPU
	EndGlobalSection
	GlobalSection(SolutionProperties) = preSolution
		HideSolutionNode = FALSE
	EndGlobalSection
	GlobalSection(ExtensibilityGlobals) = postSolution
		SolutionGuid = {4AE4D2E1-05A0-4D8B-B501-D82547DDC37C}
	EndGlobalSection
EndGlobal
