
Microsoft Visual Studio Solution File, Format Version 12.00
# Visual Studio Version 17
VisualStudioVersion = 17.6.33829.357
MinimumVisualStudioVersion = 10.0.40219.1
Project("{FAE04EC0-301F-11D3-BF4B-00C04F79EFBC}") = "EnumClassDemo", "EnumClassDemo\EnumClassDemo.csproj", "{491E569E-806D-40DB-ADD3-951B2226858E}"
EndProject
Global
	GlobalSection(SolutionConfigurationPlatforms) = preSolution
		Debug|Any CPU = Debug|Any CPU
		Release|Any CPU = Release|Any CPU
	EndGlobalSection
	GlobalSection(ProjectConfigurationPlatforms) = postSolution
		{491E569E-806D-40DB-ADD3-951B2226858E}.Debug|Any CPU.ActiveCfg = Debug|Any CPU
		{491E569E-806D-40DB-ADD3-951B2226858E}.Debug|Any CPU.Build.0 = Debug|Any CPU
		{491E569E-806D-40DB-ADD3-951B2226858E}.Release|Any CPU.ActiveCfg = Release|Any CPU
		{491E569E-806D-40DB-ADD3-951B2226858E}.Release|Any CPU.Build.0 = Release|Any CPU
	EndGlobalSection
	GlobalSection(SolutionProperties) = preSolution
		HideSolutionNode = FALSE
	EndGlobalSection
	GlobalSection(ExtensibilityGlobals) = postSolution
		SolutionGuid = {14489538-80A6-4E8C-8D85-4DE657807A96}
	EndGlobalSection
EndGlobal
