
Microsoft Visual Studio Solution File, Format Version 12.00
# Visual Studio Version 17
VisualStudioVersion = 17.14.35906.104 d17.14
MinimumVisualStudioVersion = 10.0.40219.1
Project("{FAE04EC0-301F-11D3-BF4B-00C04F79EFBC}") = "DemoMember", "DemoMember\DemoMember.csproj", "{BC67C500-FF03-43D8-BB5C-32FC8B7ED04A}"
EndProject
Global
	GlobalSection(SolutionConfigurationPlatforms) = preSolution
		Debug|Any CPU = Debug|Any CPU
		Release|Any CPU = Release|Any CPU
	EndGlobalSection
	GlobalSection(ProjectConfigurationPlatforms) = postSolution
		{BC67C500-FF03-43D8-BB5C-32FC8B7ED04A}.Debug|Any CPU.ActiveCfg = Debug|Any CPU
		{BC67C500-FF03-43D8-BB5C-32FC8B7ED04A}.Debug|Any CPU.Build.0 = Debug|Any CPU
		{BC67C500-FF03-43D8-BB5C-32FC8B7ED04A}.Release|Any CPU.ActiveCfg = Release|Any CPU
		{BC67C500-FF03-43D8-BB5C-32FC8B7ED04A}.Release|Any CPU.Build.0 = Release|Any CPU
	EndGlobalSection
	GlobalSection(SolutionProperties) = preSolution
		HideSolutionNode = FALSE
	EndGlobalSection
	GlobalSection(ExtensibilityGlobals) = postSolution
		SolutionGuid = {CD3116A3-7CFC-400F-9957-B619026D55FD}
	EndGlobalSection
EndGlobal
