
Microsoft Visual Studio Solution File, Format Version 12.00
# Visual Studio Version 17
VisualStudioVersion = 17.6.33829.357
MinimumVisualStudioVersion = 10.0.40219.1
Project("{9A19103F-16F7-4668-BE54-9A1E7A4F7556}") = "IDisp", "IDisp\IDisp.csproj", "{6237DD9A-6211-4046-97B4-754E12478992}"
EndProject
Global
	GlobalSection(SolutionConfigurationPlatforms) = preSolution
		Debug|Any CPU = Debug|Any CPU
		Release|Any CPU = Release|Any CPU
	EndGlobalSection
	GlobalSection(ProjectConfigurationPlatforms) = postSolution
		{6237DD9A-6211-4046-97B4-754E12478992}.Debug|Any CPU.ActiveCfg = Debug|Any CPU
		{6237DD9A-6211-4046-97B4-754E12478992}.Debug|Any CPU.Build.0 = Debug|Any CPU
		{6237DD9A-6211-4046-97B4-754E12478992}.Release|Any CPU.ActiveCfg = Release|Any CPU
		{6237DD9A-6211-4046-97B4-754E12478992}.Release|Any CPU.Build.0 = Release|Any CPU
	EndGlobalSection
	GlobalSection(SolutionProperties) = preSolution
		HideSolutionNode = FALSE
	EndGlobalSection
	GlobalSection(ExtensibilityGlobals) = postSolution
		SolutionGuid = {81F892FB-0998-4DEA-92E1-55B8EECB0608}
	EndGlobalSection
EndGlobal
