
Microsoft Visual Studio Solution File, Format Version 12.00
# Visual Studio Version 16
VisualStudioVersion = 16.0.31624.102
MinimumVisualStudioVersion = 10.0.40219.1
Project("{9A19103F-16F7-4668-BE54-9A1E7A4F7556}") = "Console_TimeBombComment", "Console_TimeBombComment\Console_TimeBombComment.csproj", "{64F6AE97-A10E-435C-AC7C-264039358C67}"
EndProject
Global
	GlobalSection(SolutionConfigurationPlatforms) = preSolution
		Debug|Any CPU = Debug|Any CPU
		Release|Any CPU = Release|Any CPU
	EndGlobalSection
	GlobalSection(ProjectConfigurationPlatforms) = postSolution
		{64F6AE97-A10E-435C-AC7C-264039358C67}.Debug|Any CPU.ActiveCfg = Debug|Any CPU
		{64F6AE97-A10E-435C-AC7C-264039358C67}.Debug|Any CPU.Build.0 = Debug|Any CPU
		{64F6AE97-A10E-435C-AC7C-264039358C67}.Release|Any CPU.ActiveCfg = Release|Any CPU
		{64F6AE97-A10E-435C-AC7C-264039358C67}.Release|Any CPU.Build.0 = Release|Any CPU
	EndGlobalSection
	GlobalSection(SolutionProperties) = preSolution
		HideSolutionNode = FALSE
	EndGlobalSection
	GlobalSection(ExtensibilityGlobals) = postSolution
		SolutionGuid = {B8A933C6-7595-4C51-B319-E69073314639}
	EndGlobalSection
EndGlobal
