
Microsoft Visual Studio Solution File, Format Version 12.00
# Visual Studio Version 17
VisualStudioVersion = 17.11.34929.205
MinimumVisualStudioVersion = 10.0.40219.1
Project("{9A19103F-16F7-4668-BE54-9A1E7A4F7556}") = "AzureStorage", "AzureStorage\AzureStorage.csproj", "{D4092217-8C0D-438D-8B9E-64BFBE03266D}"
EndProject
Global
	GlobalSection(SolutionConfigurationPlatforms) = preSolution
		Debug|Any CPU = Debug|Any CPU
		Release|Any CPU = Release|Any CPU
	EndGlobalSection
	GlobalSection(ProjectConfigurationPlatforms) = postSolution
		{D4092217-8C0D-438D-8B9E-64BFBE03266D}.Debug|Any CPU.ActiveCfg = Debug|Any CPU
		{D4092217-8C0D-438D-8B9E-64BFBE03266D}.Debug|Any CPU.Build.0 = Debug|Any CPU
		{D4092217-8C0D-438D-8B9E-64BFBE03266D}.Release|Any CPU.ActiveCfg = Release|Any CPU
		{D4092217-8C0D-438D-8B9E-64BFBE03266D}.Release|Any CPU.Build.0 = Release|Any CPU
	EndGlobalSection
	GlobalSection(SolutionProperties) = preSolution
		HideSolutionNode = FALSE
	EndGlobalSection
	GlobalSection(ExtensibilityGlobals) = postSolution
		SolutionGuid = {1E35B0DA-2420-47E7-80DE-0B224B3DD00C}
	EndGlobalSection
EndGlobal
