
Microsoft Visual Studio Solution File, Format Version 12.00
# Visual Studio Version 17
VisualStudioVersion = 17.14.36414.22 d17.14
MinimumVisualStudioVersion = 10.0.40219.1
Project("{FAE04EC0-301F-11D3-BF4B-00C04F79EFBC}") = "DemoBlazor", "DemoBlazor\DemoBlazor.csproj", "{0CF5256D-7BEB-4D12-8611-22B8F870B432}"
EndProject
Global
	GlobalSection(SolutionConfigurationPlatforms) = preSolution
		Debug|Any CPU = Debug|Any CPU
		Release|Any CPU = Release|Any CPU
	EndGlobalSection
	GlobalSection(ProjectConfigurationPlatforms) = postSolution
		{0CF5256D-7BEB-4D12-8611-22B8F870B432}.Debug|Any CPU.ActiveCfg = Debug|Any CPU
		{0CF5256D-7BEB-4D12-8611-22B8F870B432}.Debug|Any CPU.Build.0 = Debug|Any CPU
		{0CF5256D-7BEB-4D12-8611-22B8F870B432}.Release|Any CPU.ActiveCfg = Release|Any CPU
		{0CF5256D-7BEB-4D12-8611-22B8F870B432}.Release|Any CPU.Build.0 = Release|Any CPU
	EndGlobalSection
	GlobalSection(SolutionProperties) = preSolution
		HideSolutionNode = FALSE
	EndGlobalSection
	GlobalSection(ExtensibilityGlobals) = postSolution
		SolutionGuid = {2E86CDEE-DAB8-47BB-B2E0-06CAFE775940}
	EndGlobalSection
EndGlobal
