
Microsoft Visual Studio Solution File, Format Version 12.00
# Visual Studio Version 17
VisualStudioVersion = 17.13.35617.110 d17.13
MinimumVisualStudioVersion = 10.0.40219.1
Project("{FAE04EC0-301F-11D3-BF4B-00C04F79EFBC}") = "DemoGit", "DemoGit\DemoGit.csproj", "{BAA7AC59-CAC3-4972-B36F-A5C59682D4FD}"
EndProject
Global
	GlobalSection(SolutionConfigurationPlatforms) = preSolution
		Debug|Any CPU = Debug|Any CPU
		Release|Any CPU = Release|Any CPU
	EndGlobalSection
	GlobalSection(ProjectConfigurationPlatforms) = postSolution
		{BAA7AC59-CAC3-4972-B36F-A5C59682D4FD}.Debug|Any CPU.ActiveCfg = Debug|Any CPU
		{BAA7AC59-CAC3-4972-B36F-A5C59682D4FD}.Debug|Any CPU.Build.0 = Debug|Any CPU
		{BAA7AC59-CAC3-4972-B36F-A5C59682D4FD}.Release|Any CPU.ActiveCfg = Release|Any CPU
		{BAA7AC59-CAC3-4972-B36F-A5C59682D4FD}.Release|Any CPU.Build.0 = Release|Any CPU
	EndGlobalSection
	GlobalSection(SolutionProperties) = preSolution
		HideSolutionNode = FALSE
	EndGlobalSection
	GlobalSection(ExtensibilityGlobals) = postSolution
		SolutionGuid = {69878A89-D717-48B1-8C73-56B465194480}
	EndGlobalSection
EndGlobal
