
Microsoft Visual Studio Solution File, Format Version 12.00
# Visual Studio Version 17
VisualStudioVersion = 17.7.34003.232
MinimumVisualStudioVersion = 10.0.40219.1
Project("{9A19103F-16F7-4668-BE54-9A1E7A4F7556}") = "RSCG_WebAPIExportsDemo", "RSCG_WebAPIExportsDemo\RSCG_WebAPIExportsDemo.csproj", "{72B6E9B7-6FE0-4348-A11E-7528F3D35D1F}"
EndProject
Global
	GlobalSection(SolutionConfigurationPlatforms) = preSolution
		Debug|Any CPU = Debug|Any CPU
		Release|Any CPU = Release|Any CPU
	EndGlobalSection
	GlobalSection(ProjectConfigurationPlatforms) = postSolution
		{72B6E9B7-6FE0-4348-A11E-7528F3D35D1F}.Debug|Any CPU.ActiveCfg = Debug|Any CPU
		{72B6E9B7-6FE0-4348-A11E-7528F3D35D1F}.Debug|Any CPU.Build.0 = Debug|Any CPU
		{72B6E9B7-6FE0-4348-A11E-7528F3D35D1F}.Release|Any CPU.ActiveCfg = Release|Any CPU
		{72B6E9B7-6FE0-4348-A11E-7528F3D35D1F}.Release|Any CPU.Build.0 = Release|Any CPU
	EndGlobalSection
	GlobalSection(SolutionProperties) = preSolution
		HideSolutionNode = FALSE
	EndGlobalSection
	GlobalSection(ExtensibilityGlobals) = postSolution
		SolutionGuid = {73A6D632-AC7F-4484-A8F1-2FD2BCE0156E}
	EndGlobalSection
EndGlobal
