
Microsoft Visual Studio Solution File, Format Version 12.00
# Visual Studio Version 17
VisualStudioVersion = 17.8.34330.188
MinimumVisualStudioVersion = 10.0.40219.1
Project("{FAE04EC0-301F-11D3-BF4B-00C04F79EFBC}") = "Class2Interface", "Class2Interface\Class2Interface.csproj", "{749B1847-38CE-4BDE-999D-13588D173665}"
EndProject
Global
	GlobalSection(SolutionConfigurationPlatforms) = preSolution
		Debug|Any CPU = Debug|Any CPU
		Release|Any CPU = Release|Any CPU
	EndGlobalSection
	GlobalSection(ProjectConfigurationPlatforms) = postSolution
		{749B1847-38CE-4BDE-999D-13588D173665}.Debug|Any CPU.ActiveCfg = Debug|Any CPU
		{749B1847-38CE-4BDE-999D-13588D173665}.Debug|Any CPU.Build.0 = Debug|Any CPU
		{749B1847-38CE-4BDE-999D-13588D173665}.Release|Any CPU.ActiveCfg = Release|Any CPU
		{749B1847-38CE-4BDE-999D-13588D173665}.Release|Any CPU.Build.0 = Release|Any CPU
	EndGlobalSection
	GlobalSection(SolutionProperties) = preSolution
		HideSolutionNode = FALSE
	EndGlobalSection
	GlobalSection(ExtensibilityGlobals) = postSolution
		SolutionGuid = {C43026C1-CF8D-42E5-BAA6-481F9D780D0C}
	EndGlobalSection
EndGlobal
