
Microsoft Visual Studio Solution File, Format Version 12.00
# Visual Studio Version 17
VisualStudioVersion = 17.6.33829.357
MinimumVisualStudioVersion = 10.0.40219.1
Project("{9A19103F-16F7-4668-BE54-9A1E7A4F7556}") = "MapperDemo", "MapperDemo\MapperDemo.csproj", "{D6700595-561B-45CF-A1FA-FEB4A64210C8}"
EndProject
Global
	GlobalSection(SolutionConfigurationPlatforms) = preSolution
		Debug|Any CPU = Debug|Any CPU
		Release|Any CPU = Release|Any CPU
	EndGlobalSection
	GlobalSection(ProjectConfigurationPlatforms) = postSolution
		{D6700595-561B-45CF-A1FA-FEB4A64210C8}.Debug|Any CPU.ActiveCfg = Debug|Any CPU
		{D6700595-561B-45CF-A1FA-FEB4A64210C8}.Debug|Any CPU.Build.0 = Debug|Any CPU
		{D6700595-561B-45CF-A1FA-FEB4A64210C8}.Release|Any CPU.ActiveCfg = Release|Any CPU
		{D6700595-561B-45CF-A1FA-FEB4A64210C8}.Release|Any CPU.Build.0 = Release|Any CPU
	EndGlobalSection
	GlobalSection(SolutionProperties) = preSolution
		HideSolutionNode = FALSE
	EndGlobalSection
	GlobalSection(ExtensibilityGlobals) = postSolution
		SolutionGuid = {A906217A-6590-47C6-B8AF-43597EC28221}
	EndGlobalSection
EndGlobal
