
Microsoft Visual Studio Solution File, Format Version 12.00
# Visual Studio Version 17
VisualStudioVersion = 17.9.34723.18
MinimumVisualStudioVersion = 10.0.40219.1
Project("{FAE04EC0-301F-11D3-BF4B-00C04F79EFBC}") = "ToStringData", "ToStringData\ToStringData.csproj", "{583A2ACA-196D-466B-BA2B-1B7AD90EC606}"
EndProject
Global
	GlobalSection(SolutionConfigurationPlatforms) = preSolution
		Debug|Any CPU = Debug|Any CPU
		Release|Any CPU = Release|Any CPU
	EndGlobalSection
	GlobalSection(ProjectConfigurationPlatforms) = postSolution
		{583A2ACA-196D-466B-BA2B-1B7AD90EC606}.Debug|Any CPU.ActiveCfg = Debug|Any CPU
		{583A2ACA-196D-466B-BA2B-1B7AD90EC606}.Debug|Any CPU.Build.0 = Debug|Any CPU
		{583A2ACA-196D-466B-BA2B-1B7AD90EC606}.Release|Any CPU.ActiveCfg = Release|Any CPU
		{583A2ACA-196D-466B-BA2B-1B7AD90EC606}.Release|Any CPU.Build.0 = Release|Any CPU
	EndGlobalSection
	GlobalSection(SolutionProperties) = preSolution
		HideSolutionNode = FALSE
	EndGlobalSection
	GlobalSection(ExtensibilityGlobals) = postSolution
		SolutionGuid = {F2FC1FCD-31FA-462E-AD7F-66868607169A}
	EndGlobalSection
EndGlobal
