
Microsoft Visual Studio Solution File, Format Version 12.00
# Visual Studio Version 17
VisualStudioVersion = 17.13.35806.99 d17.13
MinimumVisualStudioVersion = 10.0.40219.1
Project("{FAE04EC0-301F-11D3-BF4B-00C04F79EFBC}") = "EntityDemo", "EntityDemo\EntityDemo.csproj", "{8E781946-11BC-4A8C-857F-E1770565823D}"
EndProject
Global
	GlobalSection(SolutionConfigurationPlatforms) = preSolution
		Debug|Any CPU = Debug|Any CPU
		Release|Any CPU = Release|Any CPU
	EndGlobalSection
	GlobalSection(ProjectConfigurationPlatforms) = postSolution
		{8E781946-11BC-4A8C-857F-E1770565823D}.Debug|Any CPU.ActiveCfg = Debug|Any CPU
		{8E781946-11BC-4A8C-857F-E1770565823D}.Debug|Any CPU.Build.0 = Debug|Any CPU
		{8E781946-11BC-4A8C-857F-E1770565823D}.Release|Any CPU.ActiveCfg = Release|Any CPU
		{8E781946-11BC-4A8C-857F-E1770565823D}.Release|Any CPU.Build.0 = Release|Any CPU
	EndGlobalSection
	GlobalSection(SolutionProperties) = preSolution
		HideSolutionNode = FALSE
	EndGlobalSection
	GlobalSection(ExtensibilityGlobals) = postSolution
		SolutionGuid = {F93AFAB4-9779-49B1-A381-7C4845EA2ED1}
	EndGlobalSection
EndGlobal
