
Microsoft Visual Studio Solution File, Format Version 12.00
# Visual Studio Version 17
VisualStudioVersion = 17.7.34024.191
MinimumVisualStudioVersion = 10.0.40219.1
Project("{FAE04EC0-301F-11D3-BF4B-00C04F79EFBC}") = "M31FluentAPIDemo", "M31FluentAPIDemo\M31FluentAPIDemo.csproj", "{4D369580-7D13-4B15-9D39-1A86D5CED39D}"
EndProject
Global
	GlobalSection(SolutionConfigurationPlatforms) = preSolution
		Debug|Any CPU = Debug|Any CPU
		Release|Any CPU = Release|Any CPU
	EndGlobalSection
	GlobalSection(ProjectConfigurationPlatforms) = postSolution
		{4D369580-7D13-4B15-9D39-1A86D5CED39D}.Debug|Any CPU.ActiveCfg = Debug|Any CPU
		{4D369580-7D13-4B15-9D39-1A86D5CED39D}.Debug|Any CPU.Build.0 = Debug|Any CPU
		{4D369580-7D13-4B15-9D39-1A86D5CED39D}.Release|Any CPU.ActiveCfg = Release|Any CPU
		{4D369580-7D13-4B15-9D39-1A86D5CED39D}.Release|Any CPU.Build.0 = Release|Any CPU
	EndGlobalSection
	GlobalSection(SolutionProperties) = preSolution
		HideSolutionNode = FALSE
	EndGlobalSection
	GlobalSection(ExtensibilityGlobals) = postSolution
		SolutionGuid = {39840876-A828-4FB8-8616-B4F47CADECD3}
	EndGlobalSection
EndGlobal
