
Microsoft Visual Studio Solution File, Format Version 12.00
# Visual Studio Version 17
VisualStudioVersion = 17.6.33829.357
MinimumVisualStudioVersion = 10.0.40219.1
Project("{FAE04EC0-301F-11D3-BF4B-00C04F79EFBC}") = "AutoRegisterInjectDemo", "AutoRegisterInjectDemo\AutoRegisterInjectDemo.csproj", "{C95A1E95-0388-4861-A37F-F5B6ECCB3BEA}"
EndProject
Global
	GlobalSection(SolutionConfigurationPlatforms) = preSolution
		Debug|Any CPU = Debug|Any CPU
		Release|Any CPU = Release|Any CPU
	EndGlobalSection
	GlobalSection(ProjectConfigurationPlatforms) = postSolution
		{C95A1E95-0388-4861-A37F-F5B6ECCB3BEA}.Debug|Any CPU.ActiveCfg = Debug|Any CPU
		{C95A1E95-0388-4861-A37F-F5B6ECCB3BEA}.Debug|Any CPU.Build.0 = Debug|Any CPU
		{C95A1E95-0388-4861-A37F-F5B6ECCB3BEA}.Release|Any CPU.ActiveCfg = Release|Any CPU
		{C95A1E95-0388-4861-A37F-F5B6ECCB3BEA}.Release|Any CPU.Build.0 = Release|Any CPU
	EndGlobalSection
	GlobalSection(SolutionProperties) = preSolution
		HideSolutionNode = FALSE
	EndGlobalSection
	GlobalSection(ExtensibilityGlobals) = postSolution
		SolutionGuid = {43AF46E6-BA36-4C04-B741-C10668A8B619}
	EndGlobalSection
EndGlobal
