
Microsoft Visual Studio Solution File, Format Version 12.00
# Visual Studio Version 17
VisualStudioVersion = 17.9.34607.119
MinimumVisualStudioVersion = 10.0.40219.1
Project("{9A19103F-16F7-4668-BE54-9A1E7A4F7556}") = "Console_Wait", "Console_Wait\Console_Wait.csproj", "{5402853F-9463-4F9C-8A6E-51CDCA7F3FB7}"
EndProject
Global
	GlobalSection(SolutionConfigurationPlatforms) = preSolution
		Debug|Any CPU = Debug|Any CPU
		Release|Any CPU = Release|Any CPU
	EndGlobalSection
	GlobalSection(ProjectConfigurationPlatforms) = postSolution
		{5402853F-9463-4F9C-8A6E-51CDCA7F3FB7}.Debug|Any CPU.ActiveCfg = Debug|Any CPU
		{5402853F-9463-4F9C-8A6E-51CDCA7F3FB7}.Debug|Any CPU.Build.0 = Debug|Any CPU
		{5402853F-9463-4F9C-8A6E-51CDCA7F3FB7}.Release|Any CPU.ActiveCfg = Release|Any CPU
		{5402853F-9463-4F9C-8A6E-51CDCA7F3FB7}.Release|Any CPU.Build.0 = Release|Any CPU
	EndGlobalSection
	GlobalSection(SolutionProperties) = preSolution
		HideSolutionNode = FALSE
	EndGlobalSection
	GlobalSection(ExtensibilityGlobals) = postSolution
		SolutionGuid = {1C007602-7049-4895-B487-10E23875F020}
	EndGlobalSection
EndGlobal
