
Microsoft Visual Studio Solution File, Format Version 12.00
# Visual Studio Version 17
VisualStudioVersion = 17.14.36414.22 d17.14
MinimumVisualStudioVersion = 10.0.40219.1
Project("{FAE04EC0-301F-11D3-BF4B-00C04F79EFBC}") = "MVCDemo", "MVCDemo\MVCDemo.csproj", "{4665670F-04B3-4F7D-99A5-12DF44149CA4}"
EndProject
Global
	GlobalSection(SolutionConfigurationPlatforms) = preSolution
		Debug|Any CPU = Debug|Any CPU
		Release|Any CPU = Release|Any CPU
	EndGlobalSection
	GlobalSection(ProjectConfigurationPlatforms) = postSolution
		{4665670F-04B3-4F7D-99A5-12DF44149CA4}.Debug|Any CPU.ActiveCfg = Debug|Any CPU
		{4665670F-04B3-4F7D-99A5-12DF44149CA4}.Debug|Any CPU.Build.0 = Debug|Any CPU
		{4665670F-04B3-4F7D-99A5-12DF44149CA4}.Release|Any CPU.ActiveCfg = Release|Any CPU
		{4665670F-04B3-4F7D-99A5-12DF44149CA4}.Release|Any CPU.Build.0 = Release|Any CPU
	EndGlobalSection
	GlobalSection(SolutionProperties) = preSolution
		HideSolutionNode = FALSE
	EndGlobalSection
	GlobalSection(ExtensibilityGlobals) = postSolution
		SolutionGuid = {52423C4D-3784-4827-AFCF-61D654BABA77}
	EndGlobalSection
EndGlobal
