
Microsoft Visual Studio Solution File, Format Version 12.00
# Visual Studio Version 17
VisualStudioVersion = 17.6.33829.357
MinimumVisualStudioVersion = 10.0.40219.1
Project("{FAE04EC0-301F-11D3-BF4B-00C04F79EFBC}") = "GobieDemo", "GobieDemo\GobieDemo.csproj", "{6ABDB2BE-8AA2-478A-83DA-4E4A90BD18B7}"
EndProject
Global
	GlobalSection(SolutionConfigurationPlatforms) = preSolution
		Debug|Any CPU = Debug|Any CPU
		Release|Any CPU = Release|Any CPU
	EndGlobalSection
	GlobalSection(ProjectConfigurationPlatforms) = postSolution
		{6ABDB2BE-8AA2-478A-83DA-4E4A90BD18B7}.Debug|Any CPU.ActiveCfg = Debug|Any CPU
		{6ABDB2BE-8AA2-478A-83DA-4E4A90BD18B7}.Debug|Any CPU.Build.0 = Debug|Any CPU
		{6ABDB2BE-8AA2-478A-83DA-4E4A90BD18B7}.Release|Any CPU.ActiveCfg = Release|Any CPU
		{6ABDB2BE-8AA2-478A-83DA-4E4A90BD18B7}.Release|Any CPU.Build.0 = Release|Any CPU
	EndGlobalSection
	GlobalSection(SolutionProperties) = preSolution
		HideSolutionNode = FALSE
	EndGlobalSection
	GlobalSection(ExtensibilityGlobals) = postSolution
		SolutionGuid = {67BA9DAC-85AD-4B67-986E-F31CB3AF42C2}
	EndGlobalSection
EndGlobal
