
Microsoft Visual Studio Solution File, Format Version 12.00
# Visual Studio Version 16
VisualStudioVersion = 16.0.31019.35
MinimumVisualStudioVersion = 10.0.40219.1
Project("{FAE04EC0-301F-11D3-BF4B-00C04F79EFBC}") = "DP_Decorator", "DP_Decorator\DP_Decorator.csproj", "{E4641095-A0DD-4CBD-A439-AC5363148F07}"
EndProject
Global
	GlobalSection(SolutionConfigurationPlatforms) = preSolution
		Debug|Any CPU = Debug|Any CPU
		Release|Any CPU = Release|Any CPU
	EndGlobalSection
	GlobalSection(ProjectConfigurationPlatforms) = postSolution
		{E4641095-A0DD-4CBD-A439-AC5363148F07}.Debug|Any CPU.ActiveCfg = Debug|Any CPU
		{E4641095-A0DD-4CBD-A439-AC5363148F07}.Debug|Any CPU.Build.0 = Debug|Any CPU
		{E4641095-A0DD-4CBD-A439-AC5363148F07}.Release|Any CPU.ActiveCfg = Release|Any CPU
		{E4641095-A0DD-4CBD-A439-AC5363148F07}.Release|Any CPU.Build.0 = Release|Any CPU
	EndGlobalSection
	GlobalSection(SolutionProperties) = preSolution
		HideSolutionNode = FALSE
	EndGlobalSection
	GlobalSection(ExtensibilityGlobals) = postSolution
		SolutionGuid = {CD425185-2A9B-4928-A3DA-E79EDC80ED17}
	EndGlobalSection
EndGlobal
