
Microsoft Visual Studio Solution File, Format Version 12.00
# Visual Studio Version 17
VisualStudioVersion = 17.8.34525.116
MinimumVisualStudioVersion = 10.0.40219.1
Project("{FAE04EC0-301F-11D3-BF4B-00C04F79EFBC}") = "CmdDemo", "CmdDemo\CmdDemo.csproj", "{083AD21B-00AD-42AB-B1EE-00E0ECDDFE0B}"
EndProject
Global
	GlobalSection(SolutionConfigurationPlatforms) = preSolution
		Debug|Any CPU = Debug|Any CPU
		Release|Any CPU = Release|Any CPU
	EndGlobalSection
	GlobalSection(ProjectConfigurationPlatforms) = postSolution
		{083AD21B-00AD-42AB-B1EE-00E0ECDDFE0B}.Debug|Any CPU.ActiveCfg = Debug|Any CPU
		{083AD21B-00AD-42AB-B1EE-00E0ECDDFE0B}.Debug|Any CPU.Build.0 = Debug|Any CPU
		{083AD21B-00AD-42AB-B1EE-00E0ECDDFE0B}.Release|Any CPU.ActiveCfg = Release|Any CPU
		{083AD21B-00AD-42AB-B1EE-00E0ECDDFE0B}.Release|Any CPU.Build.0 = Release|Any CPU
	EndGlobalSection
	GlobalSection(SolutionProperties) = preSolution
		HideSolutionNode = FALSE
	EndGlobalSection
	GlobalSection(ExtensibilityGlobals) = postSolution
		SolutionGuid = {BBC6CBDF-3F79-4F4E-BF0C-374A198E780B}
	EndGlobalSection
EndGlobal
