
Microsoft Visual Studio Solution File, Format Version 12.00
# Visual Studio Version 16
VisualStudioVersion = 16.0.31005.135
MinimumVisualStudioVersion = 10.0.40219.1
Project("{FAE04EC0-301F-11D3-BF4B-00C04F79EFBC}") = "MetadataFromObject", "MetadataFromObject\MetadataFromObject.csproj", "{F6C29041-751E-481A-BDA1-9C19C822DA6D}"
EndProject
Global
	GlobalSection(SolutionConfigurationPlatforms) = preSolution
		Debug|Any CPU = Debug|Any CPU
		Release|Any CPU = Release|Any CPU
	EndGlobalSection
	GlobalSection(ProjectConfigurationPlatforms) = postSolution
		{F6C29041-751E-481A-BDA1-9C19C822DA6D}.Debug|Any CPU.ActiveCfg = Debug|Any CPU
		{F6C29041-751E-481A-BDA1-9C19C822DA6D}.Debug|Any CPU.Build.0 = Debug|Any CPU
		{F6C29041-751E-481A-BDA1-9C19C822DA6D}.Release|Any CPU.ActiveCfg = Release|Any CPU
		{F6C29041-751E-481A-BDA1-9C19C822DA6D}.Release|Any CPU.Build.0 = Release|Any CPU
	EndGlobalSection
	GlobalSection(SolutionProperties) = preSolution
		HideSolutionNode = FALSE
	EndGlobalSection
	GlobalSection(ExtensibilityGlobals) = postSolution
		SolutionGuid = {38DB3394-5C35-45C0-8466-3827A87DA02C}
	EndGlobalSection
EndGlobal
