
Microsoft Visual Studio Solution File, Format Version 12.00
# Visual Studio Version 17
VisualStudioVersion = 17.8.34525.116
MinimumVisualStudioVersion = 10.0.40219.1
Project("{FAE04EC0-301F-11D3-BF4B-00C04F79EFBC}") = "WeaveDemo", "WeaveDemo\WeaveDemo.csproj", "{3D928279-DD0F-448F-A4F1-CA028E3BCA8F}"
EndProject
Global
	GlobalSection(SolutionConfigurationPlatforms) = preSolution
		Debug|Any CPU = Debug|Any CPU
		Release|Any CPU = Release|Any CPU
	EndGlobalSection
	GlobalSection(ProjectConfigurationPlatforms) = postSolution
		{3D928279-DD0F-448F-A4F1-CA028E3BCA8F}.Debug|Any CPU.ActiveCfg = Debug|Any CPU
		{3D928279-DD0F-448F-A4F1-CA028E3BCA8F}.Debug|Any CPU.Build.0 = Debug|Any CPU
		{3D928279-DD0F-448F-A4F1-CA028E3BCA8F}.Release|Any CPU.ActiveCfg = Release|Any CPU
		{3D928279-DD0F-448F-A4F1-CA028E3BCA8F}.Release|Any CPU.Build.0 = Release|Any CPU
	EndGlobalSection
	GlobalSection(SolutionProperties) = preSolution
		HideSolutionNode = FALSE
	EndGlobalSection
	GlobalSection(ExtensibilityGlobals) = postSolution
		SolutionGuid = {369A7B3C-97AA-4B9E-8B19-11769ED65D96}
	EndGlobalSection
EndGlobal
