
Microsoft Visual Studio Solution File, Format Version 12.00
# Visual Studio Version 16
VisualStudioVersion = 16.0.31702.278
MinimumVisualStudioVersion = 10.0.40219.1
Project("{FAE04EC0-301F-11D3-BF4B-00C04F79EFBC}") = "Class2Interface", "Class2Interface\Class2Interface.csproj", "{26627A18-86B6-4B58-A837-DF832D7998F7}"
EndProject
Global
	GlobalSection(SolutionConfigurationPlatforms) = preSolution
		Debug|Any CPU = Debug|Any CPU
		Release|Any CPU = Release|Any CPU
	EndGlobalSection
	GlobalSection(ProjectConfigurationPlatforms) = postSolution
		{26627A18-86B6-4B58-A837-DF832D7998F7}.Debug|Any CPU.ActiveCfg = Debug|Any CPU
		{26627A18-86B6-4B58-A837-DF832D7998F7}.Debug|Any CPU.Build.0 = Debug|Any CPU
		{26627A18-86B6-4B58-A837-DF832D7998F7}.Release|Any CPU.ActiveCfg = Release|Any CPU
		{26627A18-86B6-4B58-A837-DF832D7998F7}.Release|Any CPU.Build.0 = Release|Any CPU
	EndGlobalSection
	GlobalSection(SolutionProperties) = preSolution
		HideSolutionNode = FALSE
	EndGlobalSection
	GlobalSection(ExtensibilityGlobals) = postSolution
		SolutionGuid = {1B931EFC-99F7-4336-A54C-CB2D43410ECE}
	EndGlobalSection
EndGlobal
