
Microsoft Visual Studio Solution File, Format Version 12.00
# Visual Studio Version 17
VisualStudioVersion = 17.7.34221.43
MinimumVisualStudioVersion = 10.0.40219.1
Project("{FAE04EC0-301F-11D3-BF4B-00C04F79EFBC}") = "UnionTypesDemo", "UnionTypesDemo\UnionTypesDemo.csproj", "{B3F52D30-D0FB-4DF2-B494-6B903B16613D}"
EndProject
Global
	GlobalSection(SolutionConfigurationPlatforms) = preSolution
		Debug|Any CPU = Debug|Any CPU
		Release|Any CPU = Release|Any CPU
	EndGlobalSection
	GlobalSection(ProjectConfigurationPlatforms) = postSolution
		{B3F52D30-D0FB-4DF2-B494-6B903B16613D}.Debug|Any CPU.ActiveCfg = Debug|Any CPU
		{B3F52D30-D0FB-4DF2-B494-6B903B16613D}.Debug|Any CPU.Build.0 = Debug|Any CPU
		{B3F52D30-D0FB-4DF2-B494-6B903B16613D}.Release|Any CPU.ActiveCfg = Release|Any CPU
		{B3F52D30-D0FB-4DF2-B494-6B903B16613D}.Release|Any CPU.Build.0 = Release|Any CPU
	EndGlobalSection
	GlobalSection(SolutionProperties) = preSolution
		HideSolutionNode = FALSE
	EndGlobalSection
	GlobalSection(ExtensibilityGlobals) = postSolution
		SolutionGuid = {7C63CD9F-20A2-4EAB-9766-127A7184E23B}
	EndGlobalSection
EndGlobal
