
Microsoft Visual Studio Solution File, Format Version 12.00
# Visual Studio Version 17
VisualStudioVersion = 17.8.34408.163
MinimumVisualStudioVersion = 10.0.40219.1
Project("{FAE04EC0-301F-11D3-BF4B-00C04F79EFBC}") = "HsuSgSync", "HsuSgSync\HsuSgSync.csproj", "{D9945341-5215-43C7-A601-54D34FEABD12}"
EndProject
Global
	GlobalSection(SolutionConfigurationPlatforms) = preSolution
		Debug|Any CPU = Debug|Any CPU
		Release|Any CPU = Release|Any CPU
	EndGlobalSection
	GlobalSection(ProjectConfigurationPlatforms) = postSolution
		{D9945341-5215-43C7-A601-54D34FEABD12}.Debug|Any CPU.ActiveCfg = Debug|Any CPU
		{D9945341-5215-43C7-A601-54D34FEABD12}.Debug|Any CPU.Build.0 = Debug|Any CPU
		{D9945341-5215-43C7-A601-54D34FEABD12}.Release|Any CPU.ActiveCfg = Release|Any CPU
		{D9945341-5215-43C7-A601-54D34FEABD12}.Release|Any CPU.Build.0 = Release|Any CPU
	EndGlobalSection
	GlobalSection(SolutionProperties) = preSolution
		HideSolutionNode = FALSE
	EndGlobalSection
	GlobalSection(ExtensibilityGlobals) = postSolution
		SolutionGuid = {F89E904B-1F27-4B77-ACE3-5CC436ED8E0B}
	EndGlobalSection
EndGlobal
