
Microsoft Visual Studio Solution File, Format Version 12.00
# Visual Studio Version 16
VisualStudioVersion = 16.0.31729.503
MinimumVisualStudioVersion = 10.0.40219.1
Project("{FAE04EC0-301F-11D3-BF4B-00C04F79EFBC}") = "AOPMarkerCI", "AOPMarkerCI\AOPMarkerCI.csproj", "{D500A0AE-88C7-4F1B-838B-C61E876BF57E}"
EndProject
Global
	GlobalSection(SolutionConfigurationPlatforms) = preSolution
		Debug|Any CPU = Debug|Any CPU
		Release|Any CPU = Release|Any CPU
	EndGlobalSection
	GlobalSection(ProjectConfigurationPlatforms) = postSolution
		{D500A0AE-88C7-4F1B-838B-C61E876BF57E}.Debug|Any CPU.ActiveCfg = Debug|Any CPU
		{D500A0AE-88C7-4F1B-838B-C61E876BF57E}.Debug|Any CPU.Build.0 = Debug|Any CPU
		{D500A0AE-88C7-4F1B-838B-C61E876BF57E}.Release|Any CPU.ActiveCfg = Release|Any CPU
		{D500A0AE-88C7-4F1B-838B-C61E876BF57E}.Release|Any CPU.Build.0 = Release|Any CPU
	EndGlobalSection
	GlobalSection(SolutionProperties) = preSolution
		HideSolutionNode = FALSE
	EndGlobalSection
	GlobalSection(ExtensibilityGlobals) = postSolution
		SolutionGuid = {D8ADFA9F-100F-4EB9-BC6B-B757FA149FFB}
	EndGlobalSection
EndGlobal
