
Microsoft Visual Studio Solution File, Format Version 12.00
# Visual Studio Version 17
VisualStudioVersion = 17.7.34031.279
MinimumVisualStudioVersion = 10.0.40219.1
Project("{9A19103F-16F7-4668-BE54-9A1E7A4F7556}") = "JsonPolymorphicGeneratorDemo", "poly\JsonPolymorphicGeneratorDemo.csproj", "{E2EDE567-0683-4D8C-A956-CA34DEB4EF5B}"
EndProject
Global
	GlobalSection(SolutionConfigurationPlatforms) = preSolution
		Debug|Any CPU = Debug|Any CPU
		Release|Any CPU = Release|Any CPU
	EndGlobalSection
	GlobalSection(ProjectConfigurationPlatforms) = postSolution
		{E2EDE567-0683-4D8C-A956-CA34DEB4EF5B}.Debug|Any CPU.ActiveCfg = Debug|Any CPU
		{E2EDE567-0683-4D8C-A956-CA34DEB4EF5B}.Debug|Any CPU.Build.0 = Debug|Any CPU
		{E2EDE567-0683-4D8C-A956-CA34DEB4EF5B}.Release|Any CPU.ActiveCfg = Release|Any CPU
		{E2EDE567-0683-4D8C-A956-CA34DEB4EF5B}.Release|Any CPU.Build.0 = Release|Any CPU
	EndGlobalSection
	GlobalSection(SolutionProperties) = preSolution
		HideSolutionNode = FALSE
	EndGlobalSection
	GlobalSection(ExtensibilityGlobals) = postSolution
		SolutionGuid = {921028FA-3559-4ECF-A918-CD360698FCF9}
	EndGlobalSection
EndGlobal
