
Microsoft Visual Studio Solution File, Format Version 12.00
# Visual Studio Version 16
VisualStudioVersion = 16.0.31005.135
MinimumVisualStudioVersion = 10.0.40219.1
Project("{FAE04EC0-301F-11D3-BF4B-00C04F79EFBC}") = "RSCG_Version", "RSCG_Version\RSCG_Version.csproj", "{F3AD24E2-53A9-4C44-9C96-0577F76A6C20}"
EndProject
Global
	GlobalSection(SolutionConfigurationPlatforms) = preSolution
		Debug|Any CPU = Debug|Any CPU
		Release|Any CPU = Release|Any CPU
	EndGlobalSection
	GlobalSection(ProjectConfigurationPlatforms) = postSolution
		{F3AD24E2-53A9-4C44-9C96-0577F76A6C20}.Debug|Any CPU.ActiveCfg = Debug|Any CPU
		{F3AD24E2-53A9-4C44-9C96-0577F76A6C20}.Debug|Any CPU.Build.0 = Debug|Any CPU
		{F3AD24E2-53A9-4C44-9C96-0577F76A6C20}.Release|Any CPU.ActiveCfg = Release|Any CPU
		{F3AD24E2-53A9-4C44-9C96-0577F76A6C20}.Release|Any CPU.Build.0 = Release|Any CPU
	EndGlobalSection
	GlobalSection(SolutionProperties) = preSolution
		HideSolutionNode = FALSE
	EndGlobalSection
	GlobalSection(ExtensibilityGlobals) = postSolution
		SolutionGuid = {7593D627-3667-4456-84D4-BD456EA0C230}
	EndGlobalSection
EndGlobal
