
Microsoft Visual Studio Solution File, Format Version 12.00
# Visual Studio Version 17
VisualStudioVersion = 17.8.34330.188
MinimumVisualStudioVersion = 10.0.40219.1
Project("{FAE04EC0-301F-11D3-BF4B-00C04F79EFBC}") = "AG", "AG\AG.csproj", "{167BDE16-80E8-41C4-A542-1FFE9FE421BE}"
EndProject
Global
	GlobalSection(SolutionConfigurationPlatforms) = preSolution
		Debug|Any CPU = Debug|Any CPU
		Release|Any CPU = Release|Any CPU
	EndGlobalSection
	GlobalSection(ProjectConfigurationPlatforms) = postSolution
		{167BDE16-80E8-41C4-A542-1FFE9FE421BE}.Debug|Any CPU.ActiveCfg = Debug|Any CPU
		{167BDE16-80E8-41C4-A542-1FFE9FE421BE}.Debug|Any CPU.Build.0 = Debug|Any CPU
		{167BDE16-80E8-41C4-A542-1FFE9FE421BE}.Release|Any CPU.ActiveCfg = Release|Any CPU
		{167BDE16-80E8-41C4-A542-1FFE9FE421BE}.Release|Any CPU.Build.0 = Release|Any CPU
	EndGlobalSection
	GlobalSection(SolutionProperties) = preSolution
		HideSolutionNode = FALSE
	EndGlobalSection
	GlobalSection(ExtensibilityGlobals) = postSolution
		SolutionGuid = {F64E620A-1BAE-430A-99BF-D26EFBC6C746}
	EndGlobalSection
EndGlobal
